// !$*UTF8*$!
{
	archiveVersion = 1;
	classes = {
	};
	objectVersion = 46;
	objects = {

/* Begin PBXBuildFile section */
		C7707766142749B200163779 /* nuMachFile.h in Headers */ = {isa = PBXBuildFile; fileRef = C7707764142749B200163779 /* nuMachFile.h */; };
		C7707767142749B200163779 /* nuMachFile.mm in Sources */ = {isa = PBXBuildFile; fileRef = C7707765142749B200163779 /* nuMachFile.mm */; };
		C794E848141F9730004D90DD /* OS-Prefix.pch in Headers */ = {isa = PBXBuildFile; fileRef = C794E847141F9730004D90DD /* OS-Prefix.pch */; };
		C794E852141F9E4A004D90DD /* nuMachAppDelegate.h in Headers */ = {isa = PBXBuildFile; fileRef = C794E84C141F9E4A004D90DD /* nuMachAppDelegate.h */; };
		C794E853141F9E4A004D90DD /* nuMachAppDelegate.mm in Sources */ = {isa = PBXBuildFile; fileRef = C794E84D141F9E4A004D90DD /* nuMachAppDelegate.mm */; };
		C794E854141F9E4A004D90DD /* nuMachView.h in Headers */ = {isa = PBXBuildFile; fileRef = C794E84E141F9E4A004D90DD /* nuMachView.h */; };
		C794E855141F9E4A004D90DD /* nuMachView.mm in Sources */ = {isa = PBXBuildFile; fileRef = C794E84F141F9E4A004D90DD /* nuMachView.mm */; };
		C794E856141F9E4A004D90DD /* nuMachWindow.h in Headers */ = {isa = PBXBuildFile; fileRef = C794E850141F9E4A004D90DD /* nuMachWindow.h */; };
		C794E857141F9E4A004D90DD /* nuMachWindow.mm in Sources */ = {isa = PBXBuildFile; fileRef = C794E851141F9E4A004D90DD /* nuMachWindow.mm */; };
/* End PBXBuildFile section */

/* Begin PBXFileReference section */
		C7707764142749B200163779 /* nuMachFile.h */ = {isa = PBXFileReference; fileEncoding = 4; lastKnownFileType = sourcecode.c.h; path = nuMachFile.h; sourceTree = "<group>"; };
		C7707765142749B200163779 /* nuMachFile.mm */ = {isa = PBXFileReference; fileEncoding = 4; lastKnownFileType = sourcecode.cpp.objcpp; path = nuMachFile.mm; sourceTree = "<group>"; };
		C794E82D141F9543004D90DD /* libMach.a */ = {isa = PBXFileReference; explicitFileType = archive.ar; includeInIndex = 0; path = libMach.a; sourceTree = BUILT_PRODUCTS_DIR; };
		C794E844141F95D0004D90DD /* Release.xcconfig */ = {isa = PBXFileReference; fileEncoding = 4; lastKnownFileType = text.xcconfig; name = Release.xcconfig; path = ../Configurations/Release.xcconfig; sourceTree = "<group>"; };
		C794E845141F95D0004D90DD /* Debug.xcconfig */ = {isa = PBXFileReference; fileEncoding = 4; lastKnownFileType = text.xcconfig; name = Debug.xcconfig; path = ../Configurations/Debug.xcconfig; sourceTree = "<group>"; };
		C794E846141F95D0004D90DD /* Profile.xcconfig */ = {isa = PBXFileReference; fileEncoding = 4; lastKnownFileType = text.xcconfig; name = Profile.xcconfig; path = ../Configurations/Profile.xcconfig; sourceTree = "<group>"; };
		C794E847141F9730004D90DD /* OS-Prefix.pch */ = {isa = PBXFileReference; fileEncoding = 4; lastKnownFileType = sourcecode.c.h; path = "OS-Prefix.pch"; sourceTree = "<group>"; };
		C794E84C141F9E4A004D90DD /* nuMachAppDelegate.h */ = {isa = PBXFileReference; fileEncoding = 4; lastKnownFileType = sourcecode.c.h; path = nuMachAppDelegate.h; sourceTree = "<group>"; };
		C794E84D141F9E4A004D90DD /* nuMachAppDelegate.mm */ = {isa = PBXFileReference; fileEncoding = 4; lastKnownFileType = sourcecode.cpp.objcpp; path = nuMachAppDelegate.mm; sourceTree = "<group>"; };
		C794E84E141F9E4A004D90DD /* nuMachView.h */ = {isa = PBXFileReference; fileEncoding = 4; lastKnownFileType = sourcecode.c.h; path = nuMachView.h; sourceTree = "<group>"; };
		C794E84F141F9E4A004D90DD /* nuMachView.mm */ = {isa = PBXFileReference; fileEncoding = 4; lastKnownFileType = sourcecode.cpp.objcpp; path = nuMachView.mm; sourceTree = "<group>"; };
		C794E850141F9E4A004D90DD /* nuMachWindow.h */ = {isa = PBXFileReference; fileEncoding = 4; lastKnownFileType = sourcecode.c.h; path = nuMachWindow.h; sourceTree = "<group>"; };
		C794E851141F9E4A004D90DD /* nuMachWindow.mm */ = {isa = PBXFileReference; fileEncoding = 4; lastKnownFileType = sourcecode.cpp.objcpp; path = nuMachWindow.mm; sourceTree = "<group>"; };
/* End PBXFileReference section */

/* Begin PBXFrameworksBuildPhase section */
		C794E82A141F9543004D90DD /* Frameworks */ = {
			isa = PBXFrameworksBuildPhase;
			buildActionMask = 2147483647;
			files = (
			);
			runOnlyForDeploymentPostprocessing = 0;
		};
/* End PBXFrameworksBuildPhase section */

/* Begin PBXGroup section */
		C794E817141F94D8004D90DD = {
			isa = PBXGroup;
			children = (
				C794E843141F95D0004D90DD /* Configurations */,
				C794E847141F9730004D90DD /* OS-Prefix.pch */,
				C794E836141F9543004D90DD /* Headers */,
				C794E842141F9593004D90DD /* Sources */,
				C794E82E141F9543004D90DD /* Products */,
			);
			sourceTree = "<group>";
		};
		C794E82E141F9543004D90DD /* Products */ = {
			isa = PBXGroup;
			children = (
				C794E82D141F9543004D90DD /* libMach.a */,
			);
			name = Products;
			sourceTree = "<group>";
		};
		C794E836141F9543004D90DD /* Headers */ = {
			isa = PBXGroup;
			children = (
				C7707764142749B200163779 /* nuMachFile.h */,
				C794E84C141F9E4A004D90DD /* nuMachAppDelegate.h */,
				C794E84E141F9E4A004D90DD /* nuMachView.h */,
				C794E850141F9E4A004D90DD /* nuMachWindow.h */,
			);
			name = Headers;
			sourceTree = "<group>";
		};
		C794E842141F9593004D90DD /* Sources */ = {
			isa = PBXGroup;
			children = (
				C7707765142749B200163779 /* nuMachFile.mm */,
				C794E84D141F9E4A004D90DD /* nuMachAppDelegate.mm */,
				C794E84F141F9E4A004D90DD /* nuMachView.mm */,
				C794E851141F9E4A004D90DD /* nuMachWindow.mm */,
			);
			name = Sources;
			sourceTree = "<group>";
		};
		C794E843141F95D0004D90DD /* Configurations */ = {
			isa = PBXGroup;
			children = (
				C794E844141F95D0004D90DD /* Release.xcconfig */,
				C794E845141F95D0004D90DD /* Debug.xcconfig */,
				C794E846141F95D0004D90DD /* Profile.xcconfig */,
			);
			name = Configurations;
			sourceTree = "<group>";
		};
/* End PBXGroup section */

/* Begin PBXHeadersBuildPhase section */
		C794E82B141F9543004D90DD /* Headers */ = {
			isa = PBXHeadersBuildPhase;
			buildActionMask = 2147483647;
			files = (
				C794E848141F9730004D90DD /* OS-Prefix.pch in Headers */,
				C794E852141F9E4A004D90DD /* nuMachAppDelegate.h in Headers */,
				C794E854141F9E4A004D90DD /* nuMachView.h in Headers */,
				C794E856141F9E4A004D90DD /* nuMachWindow.h in Headers */,
				C7707766142749B200163779 /* nuMachFile.h in Headers */,
			);
			runOnlyForDeploymentPostprocessing = 0;
		};
/* End PBXHeadersBuildPhase section */

/* Begin PBXNativeTarget section */
		C794E82C141F9543004D90DD /* Mach */ = {
			isa = PBXNativeTarget;
			buildConfigurationList = C794E83E141F9543004D90DD /* Build configuration list for PBXNativeTarget "Mach" */;
			buildPhases = (
				C794E829141F9543004D90DD /* Sources */,
				C794E82A141F9543004D90DD /* Frameworks */,
				C794E82B141F9543004D90DD /* Headers */,
			);
			buildRules = (
			);
			dependencies = (
			);
			name = Mach;
			productName = Mach;
			productReference = C794E82D141F9543004D90DD /* libMach.a */;
			productType = "com.apple.product-type.library.static";
		};
/* End PBXNativeTarget section */

/* Begin PBXProject section */
		C794E819141F94D8004D90DD /* Project object */ = {
			isa = PBXProject;
			attributes = {
				LastUpgradeCheck = 0420;
			};
			buildConfigurationList = C794E81C141F94D8004D90DD /* Build configuration list for PBXProject "OS" */;
			compatibilityVersion = "Xcode 3.2";
			developmentRegion = English;
			hasScannedForEncodings = 0;
			knownRegions = (
				en,
			);
			mainGroup = C794E817141F94D8004D90DD;
			productRefGroup = C794E82E141F9543004D90DD /* Products */;
			projectDirPath = "";
			projectRoot = "";
			targets = (
				C794E82C141F9543004D90DD /* Mach */,
			);
		};
/* End PBXProject section */

/* Begin PBXSourcesBuildPhase section */
		C794E829141F9543004D90DD /* Sources */ = {
			isa = PBXSourcesBuildPhase;
			buildActionMask = 2147483647;
			files = (
				C794E853141F9E4A004D90DD /* nuMachAppDelegate.mm in Sources */,
				C794E855141F9E4A004D90DD /* nuMachView.mm in Sources */,
				C794E857141F9E4A004D90DD /* nuMachWindow.mm in Sources */,
				C7707767142749B200163779 /* nuMachFile.mm in Sources */,
			);
			runOnlyForDeploymentPostprocessing = 0;
		};
/* End PBXSourcesBuildPhase section */

/* Begin XCBuildConfiguration section */
		C794E81E141F94D8004D90DD /* Debug */ = {
			isa = XCBuildConfiguration;
			baseConfigurationReference = C794E845141F95D0004D90DD /* Debug.xcconfig */;
			buildSettings = {
			};
			name = Debug;
		};
		C794E81F141F94D8004D90DD /* Release */ = {
			isa = XCBuildConfiguration;
			baseConfigurationReference = C794E844141F95D0004D90DD /* Release.xcconfig */;
			buildSettings = {
			};
			name = Release;
		};
		C794E83C141F9543004D90DD /* Debug */ = {
			isa = XCBuildConfiguration;
			buildSettings = {
				ALWAYS_SEARCH_USER_PATHS = NO;
				GCC_PRECOMPILE_PREFIX_HEADER = YES;
				GCC_PREFIX_HEADER = "OS-Prefix.pch";
				PRODUCT_NAME = "$(TARGET_NAME)";
				USER_HEADER_SEARCH_PATHS = ..;
			};
			name = Debug;
		};
		C794E83D141F9543004D90DD /* Release */ = {
			isa = XCBuildConfiguration;
			buildSettings = {
				ALWAYS_SEARCH_USER_PATHS = NO;
				GCC_PRECOMPILE_PREFIX_HEADER = YES;
				GCC_PREFIX_HEADER = "OS-Prefix.pch";
				PRODUCT_NAME = "$(TARGET_NAME)";
				USER_HEADER_SEARCH_PATHS = ..;
			};
			name = Release;
		};
		C794E840141F9554004D90DD /* Profile */ = {
			isa = XCBuildConfiguration;
			baseConfigurationReference = C794E846141F95D0004D90DD /* Profile.xcconfig */;
			buildSettings = {
			};
			name = Profile;
		};
		C794E841141F9554004D90DD /* Profile */ = {
			isa = XCBuildConfiguration;
			buildSettings = {
				ALWAYS_SEARCH_USER_PATHS = NO;
				GCC_PRECOMPILE_PREFIX_HEADER = YES;
				GCC_PREFIX_HEADER = "OS-Prefix.pch";
				PRODUCT_NAME = "$(TARGET_NAME)";
				USER_HEADER_SEARCH_PATHS = ..;
			};
			name = Profile;
		};
/* End XCBuildConfiguration section */

/* Begin XCConfigurationList section */
		C794E81C141F94D8004D90DD /* Build configuration list for PBXProject "OS" */ = {
			isa = XCConfigurationList;
			buildConfigurations = (
				C794E81E141F94D8004D90DD /* Debug */,
				C794E81F141F94D8004D90DD /* Release */,
				C794E840141F9554004D90DD /* Profile */,
			);
			defaultConfigurationIsVisible = 0;
			defaultConfigurationName = Release;
		};
		C794E83E141F9543004D90DD /* Build configuration list for PBXNativeTarget "Mach" */ = {
			isa = XCConfigurationList;
			buildConfigurations = (
				C794E83C141F9543004D90DD /* Debug */,
				C794E83D141F9543004D90DD /* Release */,
				C794E841141F9554004D90DD /* Profile */,
			);
			defaultConfigurationIsVisible = 0;
			defaultConfigurationName = Release;
		};
/* End XCConfigurationList section */
	};
	rootObject = C794E819141F94D8004D90DD /* Project object */;
}
