// !$*UTF8*$!
{
	archiveVersion = 1;
	classes = {
	};
	objectVersion = 46;
	objects = {

/* Begin PBXBuildFile section */
		C726EE1F1465B2610038550E /* nuMachAppDelegate.h in Headers */ = {isa = PBXBuildFile; fileRef = C726EE191465B2610038550E /* nuMachAppDelegate.h */; settings = {ATTRIBUTES = (); }; };
		C726EE201465B2610038550E /* nuMachAppDelegate.mm in Sources */ = {isa = PBXBuildFile; fileRef = C726EE1A1465B2610038550E /* nuMachAppDelegate.mm */; };
		C726EE211465B2610038550E /* nuMachView.h in Headers */ = {isa = PBXBuildFile; fileRef = C726EE1B1465B2610038550E /* nuMachView.h */; settings = {ATTRIBUTES = (); }; };
		C726EE221465B2610038550E /* nuMachView.mm in Sources */ = {isa = PBXBuildFile; fileRef = C726EE1C1465B2610038550E /* nuMachView.mm */; };
		C726EE231465B2610038550E /* nuMachWindow.h in Headers */ = {isa = PBXBuildFile; fileRef = C726EE1D1465B2610038550E /* nuMachWindow.h */; settings = {ATTRIBUTES = (); }; };
		C726EE241465B2610038550E /* nuMachWindow.mm in Sources */ = {isa = PBXBuildFile; fileRef = C726EE1E1465B2610038550E /* nuMachWindow.mm */; };
		C7646DE81462CA1B0009A8B3 /* nuAppMain.cpp in Sources */ = {isa = PBXBuildFile; fileRef = C7646DE71462CA1B0009A8B3 /* nuAppMain.cpp */; };
		C7A2C4C01462C1E800ACDC27 /* NudeApplications-Prefix.pch in Headers */ = {isa = PBXBuildFile; fileRef = C7A2C4BF1462C1E800ACDC27 /* NudeApplications-Prefix.pch */; settings = {ATTRIBUTES = (); }; };
		C7A2C4C31462C3A600ACDC27 /* nuApplication.cpp in Sources */ = {isa = PBXBuildFile; fileRef = C7A2C4C21462C3A600ACDC27 /* nuApplication.cpp */; };
		C7A2C4C51462C3C200ACDC27 /* nuApplication.h in Headers */ = {isa = PBXBuildFile; fileRef = C7A2C4C41462C3C200ACDC27 /* nuApplication.h */; settings = {ATTRIBUTES = (); }; };
		C7A2C4C71462C9D400ACDC27 /* nuAppMain.h in Headers */ = {isa = PBXBuildFile; fileRef = C7A2C4C61462C9D400ACDC27 /* nuAppMain.h */; settings = {ATTRIBUTES = (); }; };
		C7AB762D14DEE52800A42A8C /* Applications.h in Headers */ = {isa = PBXBuildFile; fileRef = C7AB762C14DEE52800A42A8C /* Applications.h */; settings = {ATTRIBUTES = (); }; };
		C7D3748714D825E800CADBA8 /* main.mm in Sources */ = {isa = PBXBuildFile; fileRef = C7D3748614D825E800CADBA8 /* main.mm */; };
		C7DDD817154FF19B002B4D5A /* nuEntity.cpp in Sources */ = {isa = PBXBuildFile; fileRef = C7DDD813154FF19B002B4D5A /* nuEntity.cpp */; };
		C7DDD818154FF19B002B4D5A /* nuEntity.h in Headers */ = {isa = PBXBuildFile; fileRef = C7DDD814154FF19B002B4D5A /* nuEntity.h */; settings = {ATTRIBUTES = (); }; };
		C7DDD819154FF19B002B4D5A /* nuEntityManager.cpp in Sources */ = {isa = PBXBuildFile; fileRef = C7DDD815154FF19B002B4D5A /* nuEntityManager.cpp */; };
		C7DDD81A154FF19B002B4D5A /* nuEntityManager.h in Headers */ = {isa = PBXBuildFile; fileRef = C7DDD816154FF19B002B4D5A /* nuEntityManager.h */; settings = {ATTRIBUTES = (); }; };
/* End PBXBuildFile section */

/* Begin PBXFileReference section */
		C726EE191465B2610038550E /* nuMachAppDelegate.h */ = {isa = PBXFileReference; fileEncoding = 4; lastKnownFileType = sourcecode.c.h; path = nuMachAppDelegate.h; sourceTree = "<group>"; };
		C726EE1A1465B2610038550E /* nuMachAppDelegate.mm */ = {isa = PBXFileReference; fileEncoding = 4; lastKnownFileType = sourcecode.cpp.objcpp; path = nuMachAppDelegate.mm; sourceTree = "<group>"; };
		C726EE1B1465B2610038550E /* nuMachView.h */ = {isa = PBXFileReference; fileEncoding = 4; lastKnownFileType = sourcecode.c.h; path = nuMachView.h; sourceTree = "<group>"; };
		C726EE1C1465B2610038550E /* nuMachView.mm */ = {isa = PBXFileReference; fileEncoding = 4; lastKnownFileType = sourcecode.cpp.objcpp; path = nuMachView.mm; sourceTree = "<group>"; };
		C726EE1D1465B2610038550E /* nuMachWindow.h */ = {isa = PBXFileReference; fileEncoding = 4; lastKnownFileType = sourcecode.c.h; path = nuMachWindow.h; sourceTree = "<group>"; };
		C726EE1E1465B2610038550E /* nuMachWindow.mm */ = {isa = PBXFileReference; fileEncoding = 4; lastKnownFileType = sourcecode.cpp.objcpp; path = nuMachWindow.mm; sourceTree = "<group>"; };
		C7646DE71462CA1B0009A8B3 /* nuAppMain.cpp */ = {isa = PBXFileReference; fileEncoding = 4; lastKnownFileType = sourcecode.cpp.cpp; path = nuAppMain.cpp; sourceTree = "<group>"; };
		C7A2C4B21462C04B00ACDC27 /* libApplications.a */ = {isa = PBXFileReference; explicitFileType = archive.ar; includeInIndex = 0; path = libApplications.a; sourceTree = BUILT_PRODUCTS_DIR; };
		C7A2C4BA1462C07E00ACDC27 /* Debug.xcconfig */ = {isa = PBXFileReference; fileEncoding = 4; lastKnownFileType = text.xcconfig; name = Debug.xcconfig; path = ../Configurations/Debug.xcconfig; sourceTree = "<group>"; };
		C7A2C4BB1462C07E00ACDC27 /* Profile.xcconfig */ = {isa = PBXFileReference; fileEncoding = 4; lastKnownFileType = text.xcconfig; name = Profile.xcconfig; path = ../Configurations/Profile.xcconfig; sourceTree = "<group>"; };
		C7A2C4BC1462C07E00ACDC27 /* Release.xcconfig */ = {isa = PBXFileReference; fileEncoding = 4; lastKnownFileType = text.xcconfig; name = Release.xcconfig; path = ../Configurations/Release.xcconfig; sourceTree = "<group>"; };
		C7A2C4BF1462C1E800ACDC27 /* NudeApplications-Prefix.pch */ = {isa = PBXFileReference; fileEncoding = 4; lastKnownFileType = sourcecode.c.h; path = "NudeApplications-Prefix.pch"; sourceTree = "<group>"; };
		C7A2C4C21462C3A600ACDC27 /* nuApplication.cpp */ = {isa = PBXFileReference; fileEncoding = 4; lastKnownFileType = sourcecode.cpp.cpp; lineEnding = 0; path = nuApplication.cpp; sourceTree = "<group>"; xcLanguageSpecificationIdentifier = xcode.lang.cpp; };
		C7A2C4C41462C3C200ACDC27 /* nuApplication.h */ = {isa = PBXFileReference; fileEncoding = 4; lastKnownFileType = sourcecode.c.h; lineEnding = 0; path = nuApplication.h; sourceTree = "<group>"; };
		C7A2C4C61462C9D400ACDC27 /* nuAppMain.h */ = {isa = PBXFileReference; fileEncoding = 4; lastKnownFileType = sourcecode.c.h; path = nuAppMain.h; sourceTree = "<group>"; };
		C7AB762C14DEE52800A42A8C /* Applications.h */ = {isa = PBXFileReference; fileEncoding = 4; lastKnownFileType = sourcecode.c.h; path = Applications.h; sourceTree = "<group>"; };
		C7D3748614D825E800CADBA8 /* main.mm */ = {isa = PBXFileReference; fileEncoding = 4; lastKnownFileType = sourcecode.cpp.objcpp; path = main.mm; sourceTree = "<group>"; };
		C7DDD813154FF19B002B4D5A /* nuEntity.cpp */ = {isa = PBXFileReference; fileEncoding = 4; lastKnownFileType = sourcecode.cpp.cpp; path = nuEntity.cpp; sourceTree = "<group>"; };
		C7DDD814154FF19B002B4D5A /* nuEntity.h */ = {isa = PBXFileReference; fileEncoding = 4; lastKnownFileType = sourcecode.c.h; path = nuEntity.h; sourceTree = "<group>"; };
		C7DDD815154FF19B002B4D5A /* nuEntityManager.cpp */ = {isa = PBXFileReference; fileEncoding = 4; lastKnownFileType = sourcecode.cpp.cpp; path = nuEntityManager.cpp; sourceTree = "<group>"; };
		C7DDD816154FF19B002B4D5A /* nuEntityManager.h */ = {isa = PBXFileReference; fileEncoding = 4; lastKnownFileType = sourcecode.c.h; path = nuEntityManager.h; sourceTree = "<group>"; };
/* End PBXFileReference section */

/* Begin PBXGroup section */
		C7A2C4A21462BD2000ACDC27 = {
			isa = PBXGroup;
			children = (
				C7A2C4B91462C06A00ACDC27 /* Configurations */,
				C7AB762C14DEE52800A42A8C /* Applications.h */,
				C7A2C4BF1462C1E800ACDC27 /* NudeApplications-Prefix.pch */,
				C7A2C4BD1462C18500ACDC27 /* Source Codes */,
				C7A2C4B31462C04B00ACDC27 /* Products */,
			);
			sourceTree = "<group>";
		};
		C7A2C4B31462C04B00ACDC27 /* Products */ = {
			isa = PBXGroup;
			children = (
				C7A2C4B21462C04B00ACDC27 /* libApplications.a */,
			);
			name = Products;
			sourceTree = "<group>";
		};
		C7A2C4B91462C06A00ACDC27 /* Configurations */ = {
			isa = PBXGroup;
			children = (
				C7A2C4BA1462C07E00ACDC27 /* Debug.xcconfig */,
				C7A2C4BB1462C07E00ACDC27 /* Profile.xcconfig */,
				C7A2C4BC1462C07E00ACDC27 /* Release.xcconfig */,
			);
			name = Configurations;
			sourceTree = "<group>";
		};
		C7A2C4BD1462C18500ACDC27 /* Source Codes */ = {
			isa = PBXGroup;
			children = (
				C7D3748614D825E800CADBA8 /* main.mm */,
				C7A2C4C21462C3A600ACDC27 /* nuApplication.cpp */,
				C7A2C4C41462C3C200ACDC27 /* nuApplication.h */,
				C7646DE71462CA1B0009A8B3 /* nuAppMain.cpp */,
				C7A2C4C61462C9D400ACDC27 /* nuAppMain.h */,
				C7DDD813154FF19B002B4D5A /* nuEntity.cpp */,
				C7DDD814154FF19B002B4D5A /* nuEntity.h */,
				C7DDD815154FF19B002B4D5A /* nuEntityManager.cpp */,
				C7DDD816154FF19B002B4D5A /* nuEntityManager.h */,
				C726EE191465B2610038550E /* nuMachAppDelegate.h */,
				C726EE1A1465B2610038550E /* nuMachAppDelegate.mm */,
				C726EE1B1465B2610038550E /* nuMachView.h */,
				C726EE1C1465B2610038550E /* nuMachView.mm */,
				C726EE1D1465B2610038550E /* nuMachWindow.h */,
				C726EE1E1465B2610038550E /* nuMachWindow.mm */,
			);
			name = "Source Codes";
			sourceTree = "<group>";
		};
/* End PBXGroup section */

/* Begin PBXHeadersBuildPhase section */
		C7A2C4B01462C04B00ACDC27 /* Headers */ = {
			isa = PBXHeadersBuildPhase;
			buildActionMask = 2147483647;
			files = (
				C7A2C4C01462C1E800ACDC27 /* NudeApplications-Prefix.pch in Headers */,
				C7A2C4C51462C3C200ACDC27 /* nuApplication.h in Headers */,
				C7A2C4C71462C9D400ACDC27 /* nuAppMain.h in Headers */,
				C726EE1F1465B2610038550E /* nuMachAppDelegate.h in Headers */,
				C726EE211465B2610038550E /* nuMachView.h in Headers */,
				C726EE231465B2610038550E /* nuMachWindow.h in Headers */,
				C7AB762D14DEE52800A42A8C /* Applications.h in Headers */,
				C7DDD818154FF19B002B4D5A /* nuEntity.h in Headers */,
				C7DDD81A154FF19B002B4D5A /* nuEntityManager.h in Headers */,
			);
			runOnlyForDeploymentPostprocessing = 0;
		};
/* End PBXHeadersBuildPhase section */

/* Begin PBXNativeTarget section */
		C7A2C4B11462C04B00ACDC27 /* Applications */ = {
			isa = PBXNativeTarget;
			buildConfigurationList = C7A2C4B41462C04B00ACDC27 /* Build configuration list for PBXNativeTarget "Applications" */;
			buildPhases = (
				C7A2C4B01462C04B00ACDC27 /* Headers */,
				C7A2C4AE1462C04B00ACDC27 /* Sources */,
			);
			buildRules = (
			);
			dependencies = (
			);
			name = Applications;
			productName = Applications;
			productReference = C7A2C4B21462C04B00ACDC27 /* libApplications.a */;
			productType = "com.apple.product-type.library.static";
		};
/* End PBXNativeTarget section */

/* Begin PBXProject section */
		C7A2C4A41462BD2000ACDC27 /* Project object */ = {
			isa = PBXProject;
			attributes = {
				CLASSPREFIX = nu;
				LastUpgradeCheck = 0420;
				ORGANIZATIONNAME = "";
			};
			buildConfigurationList = C7A2C4A71462BD2000ACDC27 /* Build configuration list for PBXProject "Applications" */;
			compatibilityVersion = "Xcode 3.2";
			developmentRegion = English;
			hasScannedForEncodings = 0;
			knownRegions = (
				en,
			);
			mainGroup = C7A2C4A21462BD2000ACDC27;
			productRefGroup = C7A2C4B31462C04B00ACDC27 /* Products */;
			projectDirPath = "";
			projectRoot = "";
			targets = (
				C7A2C4B11462C04B00ACDC27 /* Applications */,
			);
		};
/* End PBXProject section */

/* Begin PBXSourcesBuildPhase section */
		C7A2C4AE1462C04B00ACDC27 /* Sources */ = {
			isa = PBXSourcesBuildPhase;
			buildActionMask = 2147483647;
			files = (
				C7A2C4C31462C3A600ACDC27 /* nuApplication.cpp in Sources */,
				C7646DE81462CA1B0009A8B3 /* nuAppMain.cpp in Sources */,
				C726EE201465B2610038550E /* nuMachAppDelegate.mm in Sources */,
				C726EE221465B2610038550E /* nuMachView.mm in Sources */,
				C726EE241465B2610038550E /* nuMachWindow.mm in Sources */,
				C7D3748714D825E800CADBA8 /* main.mm in Sources */,
				C7DDD817154FF19B002B4D5A /* nuEntity.cpp in Sources */,
				C7DDD819154FF19B002B4D5A /* nuEntityManager.cpp in Sources */,
			);
			runOnlyForDeploymentPostprocessing = 0;
		};
/* End PBXSourcesBuildPhase section */

/* Begin XCBuildConfiguration section */
		C7A2C4A91462BD2000ACDC27 /* Debug */ = {
			isa = XCBuildConfiguration;
			baseConfigurationReference = C7A2C4BA1462C07E00ACDC27 /* Debug.xcconfig */;
			buildSettings = {
				GCC_PREFIX_HEADER = "NudeApplications-Prefix.pch";
				HEADER_SEARCH_PATHS = (
					../Core,
					../Graphics,
				);
			};
			name = Debug;
		};
		C7A2C4AA1462BD2000ACDC27 /* Release */ = {
			isa = XCBuildConfiguration;
			baseConfigurationReference = C7A2C4BC1462C07E00ACDC27 /* Release.xcconfig */;
			buildSettings = {
				GCC_PREFIX_HEADER = "NudeApplications-Prefix.pch";
				HEADER_SEARCH_PATHS = (
					../Core,
					../Graphics,
				);
			};
			name = Release;
		};
		C7A2C4B51462C04B00ACDC27 /* Debug */ = {
			isa = XCBuildConfiguration;
			buildSettings = {
				PRODUCT_NAME = "$(TARGET_NAME)";
			};
			name = Debug;
		};
		C7A2C4B61462C04B00ACDC27 /* Release */ = {
			isa = XCBuildConfiguration;
			buildSettings = {
				PRODUCT_NAME = "$(TARGET_NAME)";
			};
			name = Release;
		};
		C7A2C4B71462C05800ACDC27 /* Profile */ = {
			isa = XCBuildConfiguration;
			baseConfigurationReference = C7A2C4BB1462C07E00ACDC27 /* Profile.xcconfig */;
			buildSettings = {
				GCC_PREFIX_HEADER = "NudeApplications-Prefix.pch";
				HEADER_SEARCH_PATHS = (
					../Core,
					../Graphics,
				);
			};
			name = Profile;
		};
		C7A2C4B81462C05800ACDC27 /* Profile */ = {
			isa = XCBuildConfiguration;
			buildSettings = {
				PRODUCT_NAME = "$(TARGET_NAME)";
			};
			name = Profile;
		};
/* End XCBuildConfiguration section */

/* Begin XCConfigurationList section */
		C7A2C4A71462BD2000ACDC27 /* Build configuration list for PBXProject "Applications" */ = {
			isa = XCConfigurationList;
			buildConfigurations = (
				C7A2C4A91462BD2000ACDC27 /* Debug */,
				C7A2C4AA1462BD2000ACDC27 /* Release */,
				C7A2C4B71462C05800ACDC27 /* Profile */,
			);
			defaultConfigurationIsVisible = 0;
			defaultConfigurationName = Release;
		};
		C7A2C4B41462C04B00ACDC27 /* Build configuration list for PBXNativeTarget "Applications" */ = {
			isa = XCConfigurationList;
			buildConfigurations = (
				C7A2C4B51462C04B00ACDC27 /* Debug */,
				C7A2C4B61462C04B00ACDC27 /* Release */,
				C7A2C4B81462C05800ACDC27 /* Profile */,
			);
			defaultConfigurationIsVisible = 0;
			defaultConfigurationName = Release;
		};
/* End XCConfigurationList section */
	};
	rootObject = C7A2C4A41462BD2000ACDC27 /* Project object */;
}
