// !$*UTF8*$!
{
	archiveVersion = 1;
	classes = {
	};
	objectVersion = 46;
	objects = {

/* Begin PBXBuildFile section */
		C77E29ED155520F500627CAA /* nuVertexArray.cpp in Sources */ = {isa = PBXBuildFile; fileRef = C77E29EB155520F500627CAA /* nuVertexArray.cpp */; };
		C77E29EE155520F500627CAA /* nuVertexArray.h in Headers */ = {isa = PBXBuildFile; fileRef = C77E29EC155520F500627CAA /* nuVertexArray.h */; settings = {ATTRIBUTES = (); }; };
		C780FBAB1556DA5D000B013E /* NudeGraphics-Prefix.pch in Headers */ = {isa = PBXBuildFile; fileRef = C785D082145D433000E64F10 /* NudeGraphics-Prefix.pch */; };
		C785D087145D44D300E64F10 /* nuRenderGL.cpp in Sources */ = {isa = PBXBuildFile; fileRef = C785D085145D44D300E64F10 /* nuRenderGL.cpp */; };
		C785D088145D44D300E64F10 /* nuRenderGL.h in Headers */ = {isa = PBXBuildFile; fileRef = C785D086145D44D300E64F10 /* nuRenderGL.h */; settings = {ATTRIBUTES = (); }; };
		C7987C68155143FC00A98D46 /* nuGContextBuffer.cpp in Sources */ = {isa = PBXBuildFile; fileRef = C7987C66155143FC00A98D46 /* nuGContextBuffer.cpp */; };
		C7987C69155143FC00A98D46 /* nuGContextBuffer.h in Headers */ = {isa = PBXBuildFile; fileRef = C7987C67155143FC00A98D46 /* nuGContextBuffer.h */; settings = {ATTRIBUTES = (); }; };
		C798C10C15528AC2009595EA /* nuGraphics.cpp in Sources */ = {isa = PBXBuildFile; fileRef = C798C10A15528AC2009595EA /* nuGraphics.cpp */; };
		C798C10D15528AC2009595EA /* nuGraphics.h in Headers */ = {isa = PBXBuildFile; fileRef = C798C10B15528AC2009595EA /* nuGraphics.h */; settings = {ATTRIBUTES = (); }; };
		C79DFF1E151A3E0500A1FA32 /* nuElementBuffer.cpp in Sources */ = {isa = PBXBuildFile; fileRef = C79DFF1A151A3E0400A1FA32 /* nuElementBuffer.cpp */; };
		C79DFF1F151A3E0500A1FA32 /* nuElementBuffer.h in Headers */ = {isa = PBXBuildFile; fileRef = C79DFF1B151A3E0400A1FA32 /* nuElementBuffer.h */; settings = {ATTRIBUTES = (); }; };
		C79DFF20151A3E0500A1FA32 /* nuVertexBuffer.cpp in Sources */ = {isa = PBXBuildFile; fileRef = C79DFF1C151A3E0400A1FA32 /* nuVertexBuffer.cpp */; };
		C79DFF21151A3E0500A1FA32 /* nuVertexBuffer.h in Headers */ = {isa = PBXBuildFile; fileRef = C79DFF1D151A3E0500A1FA32 /* nuVertexBuffer.h */; settings = {ATTRIBUTES = (); }; };
		C79E4D6E14E2D1F0001E60BF /* nuRenderBuffer.cpp in Sources */ = {isa = PBXBuildFile; fileRef = C79E4D6C14E2D1F0001E60BF /* nuRenderBuffer.cpp */; };
		C79E4D6F14E2D1F0001E60BF /* nuRenderBuffer.h in Headers */ = {isa = PBXBuildFile; fileRef = C79E4D6D14E2D1F0001E60BF /* nuRenderBuffer.h */; settings = {ATTRIBUTES = (); }; };
		C7A2C49F145D7D0F00ACDC27 /* nuGContext.cpp in Sources */ = {isa = PBXBuildFile; fileRef = C7A2C49D145D7D0F00ACDC27 /* nuGContext.cpp */; };
		C7A2C4A0145D7D0F00ACDC27 /* nuGContext.h in Headers */ = {isa = PBXBuildFile; fileRef = C7A2C49E145D7D0F00ACDC27 /* nuGContext.h */; settings = {ATTRIBUTES = (); }; };
		C7AB761C14DE7DFD00A42A8C /* nuGResource.cpp in Sources */ = {isa = PBXBuildFile; fileRef = C7AB761A14DE7DFD00A42A8C /* nuGResource.cpp */; };
		C7AB761D14DE7DFD00A42A8C /* nuGResource.h in Headers */ = {isa = PBXBuildFile; fileRef = C7AB761B14DE7DFD00A42A8C /* nuGResource.h */; settings = {ATTRIBUTES = (); }; };
		C7AB762614DE8A7E00A42A8C /* nuGResManager.cpp in Sources */ = {isa = PBXBuildFile; fileRef = C7AB762414DE8A7E00A42A8C /* nuGResManager.cpp */; };
		C7AB762714DE8A7E00A42A8C /* nuGResManager.h in Headers */ = {isa = PBXBuildFile; fileRef = C7AB762514DE8A7E00A42A8C /* nuGResManager.h */; settings = {ATTRIBUTES = (); }; };
		C7AB762B14DEDF9400A42A8C /* Graphics.h in Headers */ = {isa = PBXBuildFile; fileRef = C7AB762A14DEDF9400A42A8C /* Graphics.h */; settings = {ATTRIBUTES = (); }; };
		C7BECCEB15556977006FA080 /* nuProgram.cpp in Sources */ = {isa = PBXBuildFile; fileRef = C7BECCE615556976006FA080 /* nuProgram.cpp */; };
		C7BECCEC15556977006FA080 /* nuProgram.h in Headers */ = {isa = PBXBuildFile; fileRef = C7BECCE715556976006FA080 /* nuProgram.h */; settings = {ATTRIBUTES = (); }; };
		C7BECCED15556977006FA080 /* nuProgramManager.cpp in Sources */ = {isa = PBXBuildFile; fileRef = C7BECCE815556976006FA080 /* nuProgramManager.cpp */; };
		C7BECCEE15556977006FA080 /* nuProgramManager.h in Headers */ = {isa = PBXBuildFile; fileRef = C7BECCE915556976006FA080 /* nuProgramManager.h */; settings = {ATTRIBUTES = (); }; };
		C7BECCEF15556977006FA080 /* nuShaderInfo.h in Headers */ = {isa = PBXBuildFile; fileRef = C7BECCEA15556977006FA080 /* nuShaderInfo.h */; settings = {ATTRIBUTES = (); }; };
		C7DDD81E1550012F002B4D5A /* nuGSetupContext.cpp in Sources */ = {isa = PBXBuildFile; fileRef = C7DDD81C1550012F002B4D5A /* nuGSetupContext.cpp */; };
		C7DDD81F1550012F002B4D5A /* nuGSetupContext.h in Headers */ = {isa = PBXBuildFile; fileRef = C7DDD81D1550012F002B4D5A /* nuGSetupContext.h */; settings = {ATTRIBUTES = (); }; };
/* End PBXBuildFile section */

/* Begin PBXFileReference section */
		C77E29EB155520F500627CAA /* nuVertexArray.cpp */ = {isa = PBXFileReference; fileEncoding = 4; lastKnownFileType = sourcecode.cpp.cpp; path = nuVertexArray.cpp; sourceTree = "<group>"; };
		C77E29EC155520F500627CAA /* nuVertexArray.h */ = {isa = PBXFileReference; fileEncoding = 4; lastKnownFileType = sourcecode.c.h; path = nuVertexArray.h; sourceTree = "<group>"; };
		C785D06C145D418E00E64F10 /* Debug.xcconfig */ = {isa = PBXFileReference; lastKnownFileType = text.xcconfig; name = Debug.xcconfig; path = ../Configurations/Debug.xcconfig; sourceTree = "<group>"; };
		C785D06D145D418E00E64F10 /* Profile.xcconfig */ = {isa = PBXFileReference; lastKnownFileType = text.xcconfig; name = Profile.xcconfig; path = ../Configurations/Profile.xcconfig; sourceTree = "<group>"; };
		C785D06E145D418E00E64F10 /* Release.xcconfig */ = {isa = PBXFileReference; lastKnownFileType = text.xcconfig; name = Release.xcconfig; path = ../Configurations/Release.xcconfig; sourceTree = "<group>"; };
		C785D074145D421D00E64F10 /* libGraphics.a */ = {isa = PBXFileReference; explicitFileType = archive.ar; includeInIndex = 0; path = libGraphics.a; sourceTree = BUILT_PRODUCTS_DIR; };
		C785D082145D433000E64F10 /* NudeGraphics-Prefix.pch */ = {isa = PBXFileReference; fileEncoding = 4; lastKnownFileType = sourcecode.c.h; path = "NudeGraphics-Prefix.pch"; sourceTree = "<group>"; };
		C785D085145D44D300E64F10 /* nuRenderGL.cpp */ = {isa = PBXFileReference; fileEncoding = 4; lastKnownFileType = sourcecode.cpp.cpp; path = nuRenderGL.cpp; sourceTree = "<group>"; };
		C785D086145D44D300E64F10 /* nuRenderGL.h */ = {isa = PBXFileReference; fileEncoding = 4; lastKnownFileType = sourcecode.c.h; path = nuRenderGL.h; sourceTree = "<group>"; };
		C7987C66155143FC00A98D46 /* nuGContextBuffer.cpp */ = {isa = PBXFileReference; fileEncoding = 4; lastKnownFileType = sourcecode.cpp.cpp; path = nuGContextBuffer.cpp; sourceTree = "<group>"; };
		C7987C67155143FC00A98D46 /* nuGContextBuffer.h */ = {isa = PBXFileReference; fileEncoding = 4; lastKnownFileType = sourcecode.c.h; path = nuGContextBuffer.h; sourceTree = "<group>"; };
		C798C10A15528AC2009595EA /* nuGraphics.cpp */ = {isa = PBXFileReference; fileEncoding = 4; lastKnownFileType = sourcecode.cpp.cpp; path = nuGraphics.cpp; sourceTree = "<group>"; };
		C798C10B15528AC2009595EA /* nuGraphics.h */ = {isa = PBXFileReference; fileEncoding = 4; lastKnownFileType = sourcecode.c.h; path = nuGraphics.h; sourceTree = "<group>"; };
		C79DFF1A151A3E0400A1FA32 /* nuElementBuffer.cpp */ = {isa = PBXFileReference; fileEncoding = 4; lastKnownFileType = sourcecode.cpp.cpp; path = nuElementBuffer.cpp; sourceTree = "<group>"; };
		C79DFF1B151A3E0400A1FA32 /* nuElementBuffer.h */ = {isa = PBXFileReference; fileEncoding = 4; lastKnownFileType = sourcecode.c.h; path = nuElementBuffer.h; sourceTree = "<group>"; };
		C79DFF1C151A3E0400A1FA32 /* nuVertexBuffer.cpp */ = {isa = PBXFileReference; fileEncoding = 4; lastKnownFileType = sourcecode.cpp.cpp; path = nuVertexBuffer.cpp; sourceTree = "<group>"; };
		C79DFF1D151A3E0500A1FA32 /* nuVertexBuffer.h */ = {isa = PBXFileReference; fileEncoding = 4; lastKnownFileType = sourcecode.c.h; path = nuVertexBuffer.h; sourceTree = "<group>"; };
		C79E4D6C14E2D1F0001E60BF /* nuRenderBuffer.cpp */ = {isa = PBXFileReference; fileEncoding = 4; lastKnownFileType = sourcecode.cpp.cpp; path = nuRenderBuffer.cpp; sourceTree = "<group>"; };
		C79E4D6D14E2D1F0001E60BF /* nuRenderBuffer.h */ = {isa = PBXFileReference; fileEncoding = 4; lastKnownFileType = sourcecode.c.h; path = nuRenderBuffer.h; sourceTree = "<group>"; };
		C7A2C49D145D7D0F00ACDC27 /* nuGContext.cpp */ = {isa = PBXFileReference; fileEncoding = 4; lastKnownFileType = sourcecode.cpp.cpp; path = nuGContext.cpp; sourceTree = "<group>"; };
		C7A2C49E145D7D0F00ACDC27 /* nuGContext.h */ = {isa = PBXFileReference; fileEncoding = 4; lastKnownFileType = sourcecode.c.h; path = nuGContext.h; sourceTree = "<group>"; };
		C7AB761A14DE7DFD00A42A8C /* nuGResource.cpp */ = {isa = PBXFileReference; fileEncoding = 4; lastKnownFileType = sourcecode.cpp.cpp; path = nuGResource.cpp; sourceTree = "<group>"; };
		C7AB761B14DE7DFD00A42A8C /* nuGResource.h */ = {isa = PBXFileReference; fileEncoding = 4; lastKnownFileType = sourcecode.c.h; path = nuGResource.h; sourceTree = "<group>"; };
		C7AB762414DE8A7E00A42A8C /* nuGResManager.cpp */ = {isa = PBXFileReference; fileEncoding = 4; lastKnownFileType = sourcecode.cpp.cpp; path = nuGResManager.cpp; sourceTree = "<group>"; };
		C7AB762514DE8A7E00A42A8C /* nuGResManager.h */ = {isa = PBXFileReference; fileEncoding = 4; lastKnownFileType = sourcecode.c.h; path = nuGResManager.h; sourceTree = "<group>"; };
		C7AB762A14DEDF9400A42A8C /* Graphics.h */ = {isa = PBXFileReference; fileEncoding = 4; lastKnownFileType = sourcecode.c.h; path = Graphics.h; sourceTree = "<group>"; };
		C7BECCE615556976006FA080 /* nuProgram.cpp */ = {isa = PBXFileReference; fileEncoding = 4; lastKnownFileType = sourcecode.cpp.cpp; path = nuProgram.cpp; sourceTree = "<group>"; };
		C7BECCE715556976006FA080 /* nuProgram.h */ = {isa = PBXFileReference; fileEncoding = 4; lastKnownFileType = sourcecode.c.h; path = nuProgram.h; sourceTree = "<group>"; };
		C7BECCE815556976006FA080 /* nuProgramManager.cpp */ = {isa = PBXFileReference; fileEncoding = 4; lastKnownFileType = sourcecode.cpp.cpp; path = nuProgramManager.cpp; sourceTree = "<group>"; };
		C7BECCE915556976006FA080 /* nuProgramManager.h */ = {isa = PBXFileReference; fileEncoding = 4; lastKnownFileType = sourcecode.c.h; path = nuProgramManager.h; sourceTree = "<group>"; };
		C7BECCEA15556977006FA080 /* nuShaderInfo.h */ = {isa = PBXFileReference; fileEncoding = 4; lastKnownFileType = sourcecode.c.h; path = nuShaderInfo.h; sourceTree = "<group>"; };
		C7DDD81C1550012F002B4D5A /* nuGSetupContext.cpp */ = {isa = PBXFileReference; fileEncoding = 4; lastKnownFileType = sourcecode.cpp.cpp; path = nuGSetupContext.cpp; sourceTree = "<group>"; };
		C7DDD81D1550012F002B4D5A /* nuGSetupContext.h */ = {isa = PBXFileReference; fileEncoding = 4; lastKnownFileType = sourcecode.c.h; path = nuGSetupContext.h; sourceTree = "<group>"; };
/* End PBXFileReference section */

/* Begin PBXGroup section */
		C785D05B145D412100E64F10 = {
			isa = PBXGroup;
			children = (
				C785D06A145D417700E64F10 /* Configurations */,
				C7AB762A14DEDF9400A42A8C /* Graphics.h */,
				C785D082145D433000E64F10 /* NudeGraphics-Prefix.pch */,
				C785D07A145D42A300E64F10 /* Source Codes */,
				C785D075145D421D00E64F10 /* Products */,
			);
			sourceTree = "<group>";
		};
		C785D06A145D417700E64F10 /* Configurations */ = {
			isa = PBXGroup;
			children = (
				C785D06C145D418E00E64F10 /* Debug.xcconfig */,
				C785D06D145D418E00E64F10 /* Profile.xcconfig */,
				C785D06E145D418E00E64F10 /* Release.xcconfig */,
			);
			name = Configurations;
			sourceTree = "<group>";
		};
		C785D075145D421D00E64F10 /* Products */ = {
			isa = PBXGroup;
			children = (
				C785D074145D421D00E64F10 /* libGraphics.a */,
			);
			name = Products;
			sourceTree = "<group>";
		};
		C785D07A145D42A300E64F10 /* Source Codes */ = {
			isa = PBXGroup;
			children = (
				C79DFF1A151A3E0400A1FA32 /* nuElementBuffer.cpp */,
				C79DFF1B151A3E0400A1FA32 /* nuElementBuffer.h */,
				C7A2C49D145D7D0F00ACDC27 /* nuGContext.cpp */,
				C7A2C49E145D7D0F00ACDC27 /* nuGContext.h */,
				C7987C66155143FC00A98D46 /* nuGContextBuffer.cpp */,
				C7987C67155143FC00A98D46 /* nuGContextBuffer.h */,
				C798C10A15528AC2009595EA /* nuGraphics.cpp */,
				C798C10B15528AC2009595EA /* nuGraphics.h */,
				C7AB762414DE8A7E00A42A8C /* nuGResManager.cpp */,
				C7AB762514DE8A7E00A42A8C /* nuGResManager.h */,
				C7AB761A14DE7DFD00A42A8C /* nuGResource.cpp */,
				C7AB761B14DE7DFD00A42A8C /* nuGResource.h */,
				C7DDD81C1550012F002B4D5A /* nuGSetupContext.cpp */,
				C7DDD81D1550012F002B4D5A /* nuGSetupContext.h */,
				C7BECCE615556976006FA080 /* nuProgram.cpp */,
				C7BECCE715556976006FA080 /* nuProgram.h */,
				C7BECCE815556976006FA080 /* nuProgramManager.cpp */,
				C7BECCE915556976006FA080 /* nuProgramManager.h */,
				C79E4D6C14E2D1F0001E60BF /* nuRenderBuffer.cpp */,
				C79E4D6D14E2D1F0001E60BF /* nuRenderBuffer.h */,
				C785D085145D44D300E64F10 /* nuRenderGL.cpp */,
				C785D086145D44D300E64F10 /* nuRenderGL.h */,
				C7BECCEA15556977006FA080 /* nuShaderInfo.h */,
				C77E29EB155520F500627CAA /* nuVertexArray.cpp */,
				C77E29EC155520F500627CAA /* nuVertexArray.h */,
				C79DFF1C151A3E0400A1FA32 /* nuVertexBuffer.cpp */,
				C79DFF1D151A3E0500A1FA32 /* nuVertexBuffer.h */,
			);
			name = "Source Codes";
			sourceTree = "<group>";
		};
/* End PBXGroup section */

/* Begin PBXHeadersBuildPhase section */
		C785D072145D421D00E64F10 /* Headers */ = {
			isa = PBXHeadersBuildPhase;
			buildActionMask = 2147483647;
			files = (
				C780FBAB1556DA5D000B013E /* NudeGraphics-Prefix.pch in Headers */,
				C785D088145D44D300E64F10 /* nuRenderGL.h in Headers */,
				C7A2C4A0145D7D0F00ACDC27 /* nuGContext.h in Headers */,
				C7AB761D14DE7DFD00A42A8C /* nuGResource.h in Headers */,
				C7AB762714DE8A7E00A42A8C /* nuGResManager.h in Headers */,
				C7AB762B14DEDF9400A42A8C /* Graphics.h in Headers */,
				C79E4D6F14E2D1F0001E60BF /* nuRenderBuffer.h in Headers */,
				C79DFF1F151A3E0500A1FA32 /* nuElementBuffer.h in Headers */,
				C79DFF21151A3E0500A1FA32 /* nuVertexBuffer.h in Headers */,
				C7DDD81F1550012F002B4D5A /* nuGSetupContext.h in Headers */,
				C7987C69155143FC00A98D46 /* nuGContextBuffer.h in Headers */,
				C798C10D15528AC2009595EA /* nuGraphics.h in Headers */,
				C77E29EE155520F500627CAA /* nuVertexArray.h in Headers */,
				C7BECCEC15556977006FA080 /* nuProgram.h in Headers */,
				C7BECCEE15556977006FA080 /* nuProgramManager.h in Headers */,
				C7BECCEF15556977006FA080 /* nuShaderInfo.h in Headers */,
			);
			runOnlyForDeploymentPostprocessing = 0;
		};
/* End PBXHeadersBuildPhase section */

/* Begin PBXNativeTarget section */
		C785D073145D421D00E64F10 /* Graphics */ = {
			isa = PBXNativeTarget;
			buildConfigurationList = C785D076145D421D00E64F10 /* Build configuration list for PBXNativeTarget "Graphics" */;
			buildPhases = (
				C785D072145D421D00E64F10 /* Headers */,
				C7EE1B6C14D4985500A9CF2B /* ShellScript */,
				C785D070145D421D00E64F10 /* Sources */,
			);
			buildRules = (
			);
			dependencies = (
			);
			name = Graphics;
			productName = Graphics;
			productReference = C785D074145D421D00E64F10 /* libGraphics.a */;
			productType = "com.apple.product-type.library.static";
		};
/* End PBXNativeTarget section */

/* Begin PBXProject section */
		C785D05D145D412100E64F10 /* Project object */ = {
			isa = PBXProject;
			attributes = {
				CLASSPREFIX = nu;
				LastUpgradeCheck = 0420;
				ORGANIZATIONNAME = "";
			};
			buildConfigurationList = C785D060145D412100E64F10 /* Build configuration list for PBXProject "Graphics" */;
			compatibilityVersion = "Xcode 3.2";
			developmentRegion = English;
			hasScannedForEncodings = 0;
			knownRegions = (
				en,
			);
			mainGroup = C785D05B145D412100E64F10;
			productRefGroup = C785D075145D421D00E64F10 /* Products */;
			projectDirPath = "";
			projectRoot = "";
			targets = (
				C785D073145D421D00E64F10 /* Graphics */,
			);
		};
/* End PBXProject section */

/* Begin PBXShellScriptBuildPhase section */
		C7EE1B6C14D4985500A9CF2B /* ShellScript */ = {
			isa = PBXShellScriptBuildPhase;
			buildActionMask = 2147483647;
			files = (
			);
			inputPaths = (
			);
			outputPaths = (
				"$(SRCROOT)/ShaderInfo.h",
			);
			runOnlyForDeploymentPostprocessing = 0;
			shellPath = /bin/sh;
			shellScript = "cd $PROJECT_DIR/../Resources/Shader\n$PROJECT_DIR/../bin/glslpc --force-write --namespace=nude --intermediate-dir=processed --output-file=$SRCROOT/nuShaderInfo.h ShaderList.shd";
		};
/* End PBXShellScriptBuildPhase section */

/* Begin PBXSourcesBuildPhase section */
		C785D070145D421D00E64F10 /* Sources */ = {
			isa = PBXSourcesBuildPhase;
			buildActionMask = 2147483647;
			files = (
				C785D087145D44D300E64F10 /* nuRenderGL.cpp in Sources */,
				C7A2C49F145D7D0F00ACDC27 /* nuGContext.cpp in Sources */,
				C7AB761C14DE7DFD00A42A8C /* nuGResource.cpp in Sources */,
				C7AB762614DE8A7E00A42A8C /* nuGResManager.cpp in Sources */,
				C79E4D6E14E2D1F0001E60BF /* nuRenderBuffer.cpp in Sources */,
				C79DFF1E151A3E0500A1FA32 /* nuElementBuffer.cpp in Sources */,
				C79DFF20151A3E0500A1FA32 /* nuVertexBuffer.cpp in Sources */,
				C7DDD81E1550012F002B4D5A /* nuGSetupContext.cpp in Sources */,
				C7987C68155143FC00A98D46 /* nuGContextBuffer.cpp in Sources */,
				C798C10C15528AC2009595EA /* nuGraphics.cpp in Sources */,
				C77E29ED155520F500627CAA /* nuVertexArray.cpp in Sources */,
				C7BECCEB15556977006FA080 /* nuProgram.cpp in Sources */,
				C7BECCED15556977006FA080 /* nuProgramManager.cpp in Sources */,
			);
			runOnlyForDeploymentPostprocessing = 0;
		};
/* End PBXSourcesBuildPhase section */

/* Begin XCBuildConfiguration section */
		C785D062145D412100E64F10 /* Debug */ = {
			isa = XCBuildConfiguration;
			baseConfigurationReference = C785D06C145D418E00E64F10 /* Debug.xcconfig */;
			buildSettings = {
				GCC_PREFIX_HEADER = "NudeGraphics-Prefix.pch";
				HEADER_SEARCH_PATHS = ../Core;
			};
			name = Debug;
		};
		C785D063145D412100E64F10 /* Release */ = {
			isa = XCBuildConfiguration;
			baseConfigurationReference = C785D06E145D418E00E64F10 /* Release.xcconfig */;
			buildSettings = {
				GCC_PREFIX_HEADER = "NudeGraphics-Prefix.pch";
				HEADER_SEARCH_PATHS = ../Core;
			};
			name = Release;
		};
		C785D06F145D41A200E64F10 /* Profile */ = {
			isa = XCBuildConfiguration;
			baseConfigurationReference = C785D06D145D418E00E64F10 /* Profile.xcconfig */;
			buildSettings = {
				GCC_PREFIX_HEADER = "NudeGraphics-Prefix.pch";
				HEADER_SEARCH_PATHS = ../Core;
			};
			name = Profile;
		};
		C785D077145D421D00E64F10 /* Debug */ = {
			isa = XCBuildConfiguration;
			buildSettings = {
				PRODUCT_NAME = "$(TARGET_NAME)";
			};
			name = Debug;
		};
		C785D078145D421D00E64F10 /* Release */ = {
			isa = XCBuildConfiguration;
			buildSettings = {
				PRODUCT_NAME = "$(TARGET_NAME)";
			};
			name = Release;
		};
		C785D079145D421D00E64F10 /* Profile */ = {
			isa = XCBuildConfiguration;
			buildSettings = {
				PRODUCT_NAME = "$(TARGET_NAME)";
			};
			name = Profile;
		};
/* End XCBuildConfiguration section */

/* Begin XCConfigurationList section */
		C785D060145D412100E64F10 /* Build configuration list for PBXProject "Graphics" */ = {
			isa = XCConfigurationList;
			buildConfigurations = (
				C785D062145D412100E64F10 /* Debug */,
				C785D063145D412100E64F10 /* Release */,
				C785D06F145D41A200E64F10 /* Profile */,
			);
			defaultConfigurationIsVisible = 0;
			defaultConfigurationName = Release;
		};
		C785D076145D421D00E64F10 /* Build configuration list for PBXNativeTarget "Graphics" */ = {
			isa = XCConfigurationList;
			buildConfigurations = (
				C785D077145D421D00E64F10 /* Debug */,
				C785D078145D421D00E64F10 /* Release */,
				C785D079145D421D00E64F10 /* Profile */,
			);
			defaultConfigurationIsVisible = 0;
			defaultConfigurationName = Release;
		};
/* End XCConfigurationList section */
	};
	rootObject = C785D05D145D412100E64F10 /* Project object */;
}
