// !$*UTF8*$!
{
	archiveVersion = 1;
	classes = {
	};
	objectVersion = 46;
	objects = {

/* Begin PBXBuildFile section */
		C726EF1B146D5C0B0038550E /* nuSingleton.h in Headers */ = {isa = PBXBuildFile; fileRef = C726EF1A146D5C0B0038550E /* nuSingleton.h */; };
		C726EF1E146D5C220038550E /* nuSingleton.cpp in Sources */ = {isa = PBXBuildFile; fileRef = C726EF1D146D5C220038550E /* nuSingleton.cpp */; };
		C72BFEFC141CB0BB004F0E00 /* nuType.cpp in Sources */ = {isa = PBXBuildFile; fileRef = C72BFEFB141CB0BB004F0E00 /* nuType.cpp */; };
		C72BFEFE141CB0D1004F0E00 /* nuType.h in Headers */ = {isa = PBXBuildFile; fileRef = C72BFEFD141CB0D1004F0E00 /* nuType.h */; };
		C72BFF00141CB15E004F0E00 /* NudeCore-Prefix.pch in Headers */ = {isa = PBXBuildFile; fileRef = C72BFEFF141CB15E004F0E00 /* NudeCore-Prefix.pch */; };
		C72BFF06141CB5D2004F0E00 /* nuDebug.cpp in Sources */ = {isa = PBXBuildFile; fileRef = C72BFF04141CB5D2004F0E00 /* nuDebug.cpp */; };
		C72BFF07141CB5D2004F0E00 /* nuDebug.h in Headers */ = {isa = PBXBuildFile; fileRef = C72BFF05141CB5D2004F0E00 /* nuDebug.h */; };
		C75B6363147E8ED40004C7D9 /* nuGeometry.cpp in Sources */ = {isa = PBXBuildFile; fileRef = C75B6361147E8ED40004C7D9 /* nuGeometry.cpp */; };
		C75B6364147E8ED40004C7D9 /* nuGeometry.h in Headers */ = {isa = PBXBuildFile; fileRef = C75B6362147E8ED40004C7D9 /* nuGeometry.h */; };
		C75B6368147E992C0004C7D9 /* nuColor.cpp in Sources */ = {isa = PBXBuildFile; fileRef = C75B6366147E992C0004C7D9 /* nuColor.cpp */; };
		C75B6369147E992C0004C7D9 /* nuColor.h in Headers */ = {isa = PBXBuildFile; fileRef = C75B6367147E992C0004C7D9 /* nuColor.h */; };
		C75B636C147EA3510004C7D9 /* nuMath.cpp in Sources */ = {isa = PBXBuildFile; fileRef = C75B636A147EA3510004C7D9 /* nuMath.cpp */; };
		C75B636D147EA3510004C7D9 /* nuMath.h in Headers */ = {isa = PBXBuildFile; fileRef = C75B636B147EA3510004C7D9 /* nuMath.h */; };
		C79FC5B3141D02C7005C6C70 /* nuObject.cpp in Sources */ = {isa = PBXBuildFile; fileRef = C79FC5B1141D02C7005C6C70 /* nuObject.cpp */; };
		C79FC5B4141D02C7005C6C70 /* nuObject.h in Headers */ = {isa = PBXBuildFile; fileRef = C79FC5B2141D02C7005C6C70 /* nuObject.h */; };
		C79FC5F1141E3B67005C6C70 /* nuCRC.cpp in Sources */ = {isa = PBXBuildFile; fileRef = C79FC5EF141E3B67005C6C70 /* nuCRC.cpp */; };
		C79FC5F2141E3B67005C6C70 /* nuCRC.h in Headers */ = {isa = PBXBuildFile; fileRef = C79FC5F0141E3B67005C6C70 /* nuCRC.h */; };
		C79FC5F6141E6F0D005C6C70 /* nuTypeInfo.cpp in Sources */ = {isa = PBXBuildFile; fileRef = C79FC5F4141E6F0D005C6C70 /* nuTypeInfo.cpp */; };
		C79FC5F7141E6F0D005C6C70 /* nuTypeInfo.h in Headers */ = {isa = PBXBuildFile; fileRef = C79FC5F5141E6F0D005C6C70 /* nuTypeInfo.h */; };
		C7AB2A23141CCE74001F8EE5 /* nuMemory.cpp in Sources */ = {isa = PBXBuildFile; fileRef = C7AB2A21141CCE74001F8EE5 /* nuMemory.cpp */; };
		C7AB2A24141CCE74001F8EE5 /* nuMemory.h in Headers */ = {isa = PBXBuildFile; fileRef = C7AB2A22141CCE74001F8EE5 /* nuMemory.h */; };
		C7D3748D14DD6E9800CADBA8 /* nuResourceManager.cpp in Sources */ = {isa = PBXBuildFile; fileRef = C7D3748B14DD6E9700CADBA8 /* nuResourceManager.cpp */; };
		C7D3748E14DD6E9800CADBA8 /* nuResourceManager.h in Headers */ = {isa = PBXBuildFile; fileRef = C7D3748C14DD6E9700CADBA8 /* nuResourceManager.h */; };
		C7D3749114DD732700CADBA8 /* nuStream.cpp in Sources */ = {isa = PBXBuildFile; fileRef = C7D3748F14DD732700CADBA8 /* nuStream.cpp */; };
		C7D3749214DD732700CADBA8 /* nuStream.h in Headers */ = {isa = PBXBuildFile; fileRef = C7D3749014DD732700CADBA8 /* nuStream.h */; };
		C7EE1B8C14D563FD00A9CF2B /* nuAtomic.cpp in Sources */ = {isa = PBXBuildFile; fileRef = C7EE1B7714D563FC00A9CF2B /* nuAtomic.cpp */; };
		C7EE1B8D14D563FD00A9CF2B /* nuAtomic.h in Headers */ = {isa = PBXBuildFile; fileRef = C7EE1B7814D563FC00A9CF2B /* nuAtomic.h */; };
		C7EE1B8E14D563FD00A9CF2B /* nuFile.cpp in Sources */ = {isa = PBXBuildFile; fileRef = C7EE1B7914D563FC00A9CF2B /* nuFile.cpp */; };
		C7EE1B8F14D563FD00A9CF2B /* nuFile.h in Headers */ = {isa = PBXBuildFile; fileRef = C7EE1B7A14D563FC00A9CF2B /* nuFile.h */; };
		C7EE1B9014D563FD00A9CF2B /* nuMachAtomic.cpp in Sources */ = {isa = PBXBuildFile; fileRef = C7EE1B7B14D563FC00A9CF2B /* nuMachAtomic.cpp */; };
		C7EE1B9114D563FD00A9CF2B /* nuMachAtomic.h in Headers */ = {isa = PBXBuildFile; fileRef = C7EE1B7C14D563FC00A9CF2B /* nuMachAtomic.h */; };
		C7EE1B9214D563FD00A9CF2B /* nuMachFile.h in Headers */ = {isa = PBXBuildFile; fileRef = C7EE1B7D14D563FC00A9CF2B /* nuMachFile.h */; };
		C7EE1B9314D563FD00A9CF2B /* nuMachFile.mm in Sources */ = {isa = PBXBuildFile; fileRef = C7EE1B7E14D563FC00A9CF2B /* nuMachFile.mm */; };
		C7EE1B9414D563FD00A9CF2B /* nuMachMutex.h in Headers */ = {isa = PBXBuildFile; fileRef = C7EE1B7F14D563FD00A9CF2B /* nuMachMutex.h */; };
		C7EE1B9514D563FD00A9CF2B /* nuMachMutex.mm in Sources */ = {isa = PBXBuildFile; fileRef = C7EE1B8014D563FD00A9CF2B /* nuMachMutex.mm */; };
		C7EE1B9614D563FD00A9CF2B /* nuMachThread.h in Headers */ = {isa = PBXBuildFile; fileRef = C7EE1B8114D563FD00A9CF2B /* nuMachThread.h */; };
		C7EE1B9714D563FD00A9CF2B /* nuMachThread.mm in Sources */ = {isa = PBXBuildFile; fileRef = C7EE1B8214D563FD00A9CF2B /* nuMachThread.mm */; };
		C7EE1B9814D563FD00A9CF2B /* nuMutex.cpp in Sources */ = {isa = PBXBuildFile; fileRef = C7EE1B8314D563FD00A9CF2B /* nuMutex.cpp */; };
		C7EE1B9914D563FD00A9CF2B /* nuMutex.h in Headers */ = {isa = PBXBuildFile; fileRef = C7EE1B8414D563FD00A9CF2B /* nuMutex.h */; };
		C7EE1B9A14D563FD00A9CF2B /* nuOS.h in Headers */ = {isa = PBXBuildFile; fileRef = C7EE1B8514D563FD00A9CF2B /* nuOS.h */; };
		C7EE1B9B14D563FD00A9CF2B /* nuOSType.cpp in Sources */ = {isa = PBXBuildFile; fileRef = C7EE1B8614D563FD00A9CF2B /* nuOSType.cpp */; };
		C7EE1B9C14D563FD00A9CF2B /* nuOSType.h in Headers */ = {isa = PBXBuildFile; fileRef = C7EE1B8714D563FD00A9CF2B /* nuOSType.h */; };
		C7EE1B9D14D563FD00A9CF2B /* nuResource.cpp in Sources */ = {isa = PBXBuildFile; fileRef = C7EE1B8814D563FD00A9CF2B /* nuResource.cpp */; };
		C7EE1B9E14D563FD00A9CF2B /* nuResource.h in Headers */ = {isa = PBXBuildFile; fileRef = C7EE1B8914D563FD00A9CF2B /* nuResource.h */; };
		C7EE1B9F14D563FD00A9CF2B /* nuThread.cpp in Sources */ = {isa = PBXBuildFile; fileRef = C7EE1B8A14D563FD00A9CF2B /* nuThread.cpp */; };
		C7EE1BA014D563FD00A9CF2B /* nuThread.h in Headers */ = {isa = PBXBuildFile; fileRef = C7EE1B8B14D563FD00A9CF2B /* nuThread.h */; };
		C7EE1BA414D5973500A9CF2B /* nuHandle.cpp in Sources */ = {isa = PBXBuildFile; fileRef = C7EE1BA214D5973400A9CF2B /* nuHandle.cpp */; };
		C7EE1BA514D5973500A9CF2B /* nuHandle.h in Headers */ = {isa = PBXBuildFile; fileRef = C7EE1BA314D5973500A9CF2B /* nuHandle.h */; };
/* End PBXBuildFile section */

/* Begin PBXFileReference section */
		C726EF1A146D5C0B0038550E /* nuSingleton.h */ = {isa = PBXFileReference; fileEncoding = 4; lastKnownFileType = sourcecode.c.h; path = nuSingleton.h; sourceTree = "<group>"; };
		C726EF1D146D5C220038550E /* nuSingleton.cpp */ = {isa = PBXFileReference; fileEncoding = 4; lastKnownFileType = sourcecode.cpp.cpp; path = nuSingleton.cpp; sourceTree = "<group>"; };
		C72BFEEC141CAFB9004F0E00 /* libNudeCore.a */ = {isa = PBXFileReference; explicitFileType = archive.ar; includeInIndex = 0; path = libNudeCore.a; sourceTree = BUILT_PRODUCTS_DIR; };
		C72BFEFB141CB0BB004F0E00 /* nuType.cpp */ = {isa = PBXFileReference; fileEncoding = 4; lastKnownFileType = sourcecode.cpp.cpp; path = nuType.cpp; sourceTree = "<group>"; };
		C72BFEFD141CB0D1004F0E00 /* nuType.h */ = {isa = PBXFileReference; fileEncoding = 4; lastKnownFileType = sourcecode.c.h; path = nuType.h; sourceTree = "<group>"; };
		C72BFEFF141CB15E004F0E00 /* NudeCore-Prefix.pch */ = {isa = PBXFileReference; fileEncoding = 4; lastKnownFileType = sourcecode.c.h; path = "NudeCore-Prefix.pch"; sourceTree = "<group>"; };
		C72BFF04141CB5D2004F0E00 /* nuDebug.cpp */ = {isa = PBXFileReference; fileEncoding = 4; lastKnownFileType = sourcecode.cpp.cpp; path = nuDebug.cpp; sourceTree = "<group>"; };
		C72BFF05141CB5D2004F0E00 /* nuDebug.h */ = {isa = PBXFileReference; fileEncoding = 4; lastKnownFileType = sourcecode.c.h; path = nuDebug.h; sourceTree = "<group>"; };
		C75B6361147E8ED40004C7D9 /* nuGeometry.cpp */ = {isa = PBXFileReference; fileEncoding = 4; lastKnownFileType = sourcecode.cpp.cpp; path = nuGeometry.cpp; sourceTree = "<group>"; };
		C75B6362147E8ED40004C7D9 /* nuGeometry.h */ = {isa = PBXFileReference; fileEncoding = 4; lastKnownFileType = sourcecode.c.h; path = nuGeometry.h; sourceTree = "<group>"; };
		C75B6366147E992C0004C7D9 /* nuColor.cpp */ = {isa = PBXFileReference; fileEncoding = 4; lastKnownFileType = sourcecode.cpp.cpp; path = nuColor.cpp; sourceTree = "<group>"; };
		C75B6367147E992C0004C7D9 /* nuColor.h */ = {isa = PBXFileReference; fileEncoding = 4; lastKnownFileType = sourcecode.c.h; path = nuColor.h; sourceTree = "<group>"; };
		C75B636A147EA3510004C7D9 /* nuMath.cpp */ = {isa = PBXFileReference; fileEncoding = 4; lastKnownFileType = sourcecode.cpp.cpp; path = nuMath.cpp; sourceTree = "<group>"; };
		C75B636B147EA3510004C7D9 /* nuMath.h */ = {isa = PBXFileReference; fileEncoding = 4; lastKnownFileType = sourcecode.c.h; path = nuMath.h; sourceTree = "<group>"; };
		C79FC5B1141D02C7005C6C70 /* nuObject.cpp */ = {isa = PBXFileReference; fileEncoding = 4; lastKnownFileType = sourcecode.cpp.cpp; lineEnding = 0; path = nuObject.cpp; sourceTree = "<group>"; xcLanguageSpecificationIdentifier = xcode.lang.cpp; };
		C79FC5B2141D02C7005C6C70 /* nuObject.h */ = {isa = PBXFileReference; fileEncoding = 4; lastKnownFileType = sourcecode.c.h; path = nuObject.h; sourceTree = "<group>"; };
		C79FC5EF141E3B67005C6C70 /* nuCRC.cpp */ = {isa = PBXFileReference; fileEncoding = 4; lastKnownFileType = sourcecode.cpp.cpp; path = nuCRC.cpp; sourceTree = "<group>"; };
		C79FC5F0141E3B67005C6C70 /* nuCRC.h */ = {isa = PBXFileReference; fileEncoding = 4; lastKnownFileType = sourcecode.c.h; path = nuCRC.h; sourceTree = "<group>"; };
		C79FC5F4141E6F0D005C6C70 /* nuTypeInfo.cpp */ = {isa = PBXFileReference; fileEncoding = 4; lastKnownFileType = sourcecode.cpp.cpp; lineEnding = 0; path = nuTypeInfo.cpp; sourceTree = "<group>"; xcLanguageSpecificationIdentifier = xcode.lang.cpp; };
		C79FC5F5141E6F0D005C6C70 /* nuTypeInfo.h */ = {isa = PBXFileReference; fileEncoding = 4; lastKnownFileType = sourcecode.c.h; lineEnding = 0; path = nuTypeInfo.h; sourceTree = "<group>"; xcLanguageSpecificationIdentifier = xcode.lang.objcpp; };
		C7AB2A10141CC3DF001F8EE5 /* Release.xcconfig */ = {isa = PBXFileReference; lastKnownFileType = text.xcconfig; name = Release.xcconfig; path = ../Configurations/Release.xcconfig; sourceTree = "<group>"; };
		C7AB2A11141CC3DF001F8EE5 /* Debug.xcconfig */ = {isa = PBXFileReference; lastKnownFileType = text.xcconfig; name = Debug.xcconfig; path = ../Configurations/Debug.xcconfig; sourceTree = "<group>"; };
		C7AB2A12141CC3DF001F8EE5 /* Profile.xcconfig */ = {isa = PBXFileReference; lastKnownFileType = text.xcconfig; name = Profile.xcconfig; path = ../Configurations/Profile.xcconfig; sourceTree = "<group>"; };
		C7AB2A21141CCE74001F8EE5 /* nuMemory.cpp */ = {isa = PBXFileReference; fileEncoding = 4; lastKnownFileType = sourcecode.cpp.cpp; path = nuMemory.cpp; sourceTree = "<group>"; };
		C7AB2A22141CCE74001F8EE5 /* nuMemory.h */ = {isa = PBXFileReference; fileEncoding = 4; lastKnownFileType = sourcecode.c.h; path = nuMemory.h; sourceTree = "<group>"; };
		C7D3748B14DD6E9700CADBA8 /* nuResourceManager.cpp */ = {isa = PBXFileReference; fileEncoding = 4; lastKnownFileType = sourcecode.cpp.cpp; path = nuResourceManager.cpp; sourceTree = "<group>"; };
		C7D3748C14DD6E9700CADBA8 /* nuResourceManager.h */ = {isa = PBXFileReference; fileEncoding = 4; lastKnownFileType = sourcecode.c.h; path = nuResourceManager.h; sourceTree = "<group>"; };
		C7D3748F14DD732700CADBA8 /* nuStream.cpp */ = {isa = PBXFileReference; fileEncoding = 4; lastKnownFileType = sourcecode.cpp.cpp; path = nuStream.cpp; sourceTree = "<group>"; };
		C7D3749014DD732700CADBA8 /* nuStream.h */ = {isa = PBXFileReference; fileEncoding = 4; lastKnownFileType = sourcecode.c.h; path = nuStream.h; sourceTree = "<group>"; };
		C7EE1B7714D563FC00A9CF2B /* nuAtomic.cpp */ = {isa = PBXFileReference; fileEncoding = 4; lastKnownFileType = sourcecode.cpp.cpp; path = nuAtomic.cpp; sourceTree = "<group>"; };
		C7EE1B7814D563FC00A9CF2B /* nuAtomic.h */ = {isa = PBXFileReference; fileEncoding = 4; lastKnownFileType = sourcecode.c.h; path = nuAtomic.h; sourceTree = "<group>"; };
		C7EE1B7914D563FC00A9CF2B /* nuFile.cpp */ = {isa = PBXFileReference; fileEncoding = 4; lastKnownFileType = sourcecode.cpp.cpp; path = nuFile.cpp; sourceTree = "<group>"; };
		C7EE1B7A14D563FC00A9CF2B /* nuFile.h */ = {isa = PBXFileReference; fileEncoding = 4; lastKnownFileType = sourcecode.c.h; path = nuFile.h; sourceTree = "<group>"; };
		C7EE1B7B14D563FC00A9CF2B /* nuMachAtomic.cpp */ = {isa = PBXFileReference; fileEncoding = 4; lastKnownFileType = sourcecode.cpp.cpp; path = nuMachAtomic.cpp; sourceTree = "<group>"; };
		C7EE1B7C14D563FC00A9CF2B /* nuMachAtomic.h */ = {isa = PBXFileReference; fileEncoding = 4; lastKnownFileType = sourcecode.c.h; path = nuMachAtomic.h; sourceTree = "<group>"; };
		C7EE1B7D14D563FC00A9CF2B /* nuMachFile.h */ = {isa = PBXFileReference; fileEncoding = 4; lastKnownFileType = sourcecode.c.h; path = nuMachFile.h; sourceTree = "<group>"; };
		C7EE1B7E14D563FC00A9CF2B /* nuMachFile.mm */ = {isa = PBXFileReference; fileEncoding = 4; lastKnownFileType = sourcecode.cpp.objcpp; path = nuMachFile.mm; sourceTree = "<group>"; };
		C7EE1B7F14D563FD00A9CF2B /* nuMachMutex.h */ = {isa = PBXFileReference; fileEncoding = 4; lastKnownFileType = sourcecode.c.h; path = nuMachMutex.h; sourceTree = "<group>"; };
		C7EE1B8014D563FD00A9CF2B /* nuMachMutex.mm */ = {isa = PBXFileReference; fileEncoding = 4; lastKnownFileType = sourcecode.cpp.objcpp; path = nuMachMutex.mm; sourceTree = "<group>"; };
		C7EE1B8114D563FD00A9CF2B /* nuMachThread.h */ = {isa = PBXFileReference; fileEncoding = 4; lastKnownFileType = sourcecode.c.h; path = nuMachThread.h; sourceTree = "<group>"; };
		C7EE1B8214D563FD00A9CF2B /* nuMachThread.mm */ = {isa = PBXFileReference; fileEncoding = 4; lastKnownFileType = sourcecode.cpp.objcpp; path = nuMachThread.mm; sourceTree = "<group>"; };
		C7EE1B8314D563FD00A9CF2B /* nuMutex.cpp */ = {isa = PBXFileReference; fileEncoding = 4; lastKnownFileType = sourcecode.cpp.cpp; path = nuMutex.cpp; sourceTree = "<group>"; };
		C7EE1B8414D563FD00A9CF2B /* nuMutex.h */ = {isa = PBXFileReference; fileEncoding = 4; lastKnownFileType = sourcecode.c.h; path = nuMutex.h; sourceTree = "<group>"; };
		C7EE1B8514D563FD00A9CF2B /* nuOS.h */ = {isa = PBXFileReference; fileEncoding = 4; lastKnownFileType = sourcecode.c.h; path = nuOS.h; sourceTree = "<group>"; };
		C7EE1B8614D563FD00A9CF2B /* nuOSType.cpp */ = {isa = PBXFileReference; fileEncoding = 4; lastKnownFileType = sourcecode.cpp.cpp; path = nuOSType.cpp; sourceTree = "<group>"; };
		C7EE1B8714D563FD00A9CF2B /* nuOSType.h */ = {isa = PBXFileReference; fileEncoding = 4; lastKnownFileType = sourcecode.c.h; path = nuOSType.h; sourceTree = "<group>"; };
		C7EE1B8814D563FD00A9CF2B /* nuResource.cpp */ = {isa = PBXFileReference; fileEncoding = 4; lastKnownFileType = sourcecode.cpp.cpp; path = nuResource.cpp; sourceTree = "<group>"; };
		C7EE1B8914D563FD00A9CF2B /* nuResource.h */ = {isa = PBXFileReference; fileEncoding = 4; lastKnownFileType = sourcecode.c.h; path = nuResource.h; sourceTree = "<group>"; };
		C7EE1B8A14D563FD00A9CF2B /* nuThread.cpp */ = {isa = PBXFileReference; fileEncoding = 4; lastKnownFileType = sourcecode.cpp.cpp; path = nuThread.cpp; sourceTree = "<group>"; };
		C7EE1B8B14D563FD00A9CF2B /* nuThread.h */ = {isa = PBXFileReference; fileEncoding = 4; lastKnownFileType = sourcecode.c.h; path = nuThread.h; sourceTree = "<group>"; };
		C7EE1BA214D5973400A9CF2B /* nuHandle.cpp */ = {isa = PBXFileReference; fileEncoding = 4; lastKnownFileType = sourcecode.cpp.cpp; path = nuHandle.cpp; sourceTree = "<group>"; };
		C7EE1BA314D5973500A9CF2B /* nuHandle.h */ = {isa = PBXFileReference; fileEncoding = 4; lastKnownFileType = sourcecode.c.h; path = nuHandle.h; sourceTree = "<group>"; };
/* End PBXFileReference section */

/* Begin PBXFrameworksBuildPhase section */
		C72BFEE9141CAFB9004F0E00 /* Frameworks */ = {
			isa = PBXFrameworksBuildPhase;
			buildActionMask = 2147483647;
			files = (
			);
			runOnlyForDeploymentPostprocessing = 0;
		};
/* End PBXFrameworksBuildPhase section */

/* Begin PBXGroup section */
		C72BFEE1141CAFB9004F0E00 = {
			isa = PBXGroup;
			children = (
				C7AB2A13141CC3E5001F8EE5 /* Configurations */,
				C72BFEFF141CB15E004F0E00 /* NudeCore-Prefix.pch */,
				C72BFEF9141CB008004F0E00 /* Source Codes */,
				C72BFEED141CAFB9004F0E00 /* Products */,
			);
			sourceTree = "<group>";
		};
		C72BFEED141CAFB9004F0E00 /* Products */ = {
			isa = PBXGroup;
			children = (
				C72BFEEC141CAFB9004F0E00 /* libNudeCore.a */,
			);
			name = Products;
			sourceTree = "<group>";
		};
		C72BFEF9141CB008004F0E00 /* Source Codes */ = {
			isa = PBXGroup;
			children = (
				C7EE1B7714D563FC00A9CF2B /* nuAtomic.cpp */,
				C7EE1B7814D563FC00A9CF2B /* nuAtomic.h */,
				C75B6366147E992C0004C7D9 /* nuColor.cpp */,
				C75B6367147E992C0004C7D9 /* nuColor.h */,
				C79FC5EF141E3B67005C6C70 /* nuCRC.cpp */,
				C79FC5F0141E3B67005C6C70 /* nuCRC.h */,
				C72BFF04141CB5D2004F0E00 /* nuDebug.cpp */,
				C72BFF05141CB5D2004F0E00 /* nuDebug.h */,
				C7EE1B7914D563FC00A9CF2B /* nuFile.cpp */,
				C7EE1B7A14D563FC00A9CF2B /* nuFile.h */,
				C75B6361147E8ED40004C7D9 /* nuGeometry.cpp */,
				C75B6362147E8ED40004C7D9 /* nuGeometry.h */,
				C7EE1BA214D5973400A9CF2B /* nuHandle.cpp */,
				C7EE1BA314D5973500A9CF2B /* nuHandle.h */,
				C7EE1B7B14D563FC00A9CF2B /* nuMachAtomic.cpp */,
				C7EE1B7C14D563FC00A9CF2B /* nuMachAtomic.h */,
				C7EE1B7D14D563FC00A9CF2B /* nuMachFile.h */,
				C7EE1B7E14D563FC00A9CF2B /* nuMachFile.mm */,
				C7EE1B7F14D563FD00A9CF2B /* nuMachMutex.h */,
				C7EE1B8014D563FD00A9CF2B /* nuMachMutex.mm */,
				C7EE1B8114D563FD00A9CF2B /* nuMachThread.h */,
				C7EE1B8214D563FD00A9CF2B /* nuMachThread.mm */,
				C75B636A147EA3510004C7D9 /* nuMath.cpp */,
				C75B636B147EA3510004C7D9 /* nuMath.h */,
				C7AB2A21141CCE74001F8EE5 /* nuMemory.cpp */,
				C7AB2A22141CCE74001F8EE5 /* nuMemory.h */,
				C7EE1B8314D563FD00A9CF2B /* nuMutex.cpp */,
				C7EE1B8414D563FD00A9CF2B /* nuMutex.h */,
				C79FC5B1141D02C7005C6C70 /* nuObject.cpp */,
				C79FC5B2141D02C7005C6C70 /* nuObject.h */,
				C7EE1B8514D563FD00A9CF2B /* nuOS.h */,
				C7EE1B8614D563FD00A9CF2B /* nuOSType.cpp */,
				C7EE1B8714D563FD00A9CF2B /* nuOSType.h */,
				C7EE1B8814D563FD00A9CF2B /* nuResource.cpp */,
				C7EE1B8914D563FD00A9CF2B /* nuResource.h */,
				C7D3748B14DD6E9700CADBA8 /* nuResourceManager.cpp */,
				C7D3748C14DD6E9700CADBA8 /* nuResourceManager.h */,
				C726EF1D146D5C220038550E /* nuSingleton.cpp */,
				C726EF1A146D5C0B0038550E /* nuSingleton.h */,
				C7D3748F14DD732700CADBA8 /* nuStream.cpp */,
				C7D3749014DD732700CADBA8 /* nuStream.h */,
				C7EE1B8A14D563FD00A9CF2B /* nuThread.cpp */,
				C7EE1B8B14D563FD00A9CF2B /* nuThread.h */,
				C72BFEFB141CB0BB004F0E00 /* nuType.cpp */,
				C72BFEFD141CB0D1004F0E00 /* nuType.h */,
				C79FC5F4141E6F0D005C6C70 /* nuTypeInfo.cpp */,
				C79FC5F5141E6F0D005C6C70 /* nuTypeInfo.h */,
			);
			name = "Source Codes";
			sourceTree = "<group>";
		};
		C7AB2A13141CC3E5001F8EE5 /* Configurations */ = {
			isa = PBXGroup;
			children = (
				C7AB2A10141CC3DF001F8EE5 /* Release.xcconfig */,
				C7AB2A11141CC3DF001F8EE5 /* Debug.xcconfig */,
				C7AB2A12141CC3DF001F8EE5 /* Profile.xcconfig */,
			);
			name = Configurations;
			sourceTree = "<group>";
		};
/* End PBXGroup section */

/* Begin PBXHeadersBuildPhase section */
		C72BFEEA141CAFB9004F0E00 /* Headers */ = {
			isa = PBXHeadersBuildPhase;
			buildActionMask = 2147483647;
			files = (
				C72BFEFE141CB0D1004F0E00 /* nuType.h in Headers */,
				C72BFF00141CB15E004F0E00 /* NudeCore-Prefix.pch in Headers */,
				C72BFF07141CB5D2004F0E00 /* nuDebug.h in Headers */,
				C7AB2A24141CCE74001F8EE5 /* nuMemory.h in Headers */,
				C79FC5B4141D02C7005C6C70 /* nuObject.h in Headers */,
				C79FC5F2141E3B67005C6C70 /* nuCRC.h in Headers */,
				C79FC5F7141E6F0D005C6C70 /* nuTypeInfo.h in Headers */,
				C726EF1B146D5C0B0038550E /* nuSingleton.h in Headers */,
				C75B6364147E8ED40004C7D9 /* nuGeometry.h in Headers */,
				C75B6369147E992C0004C7D9 /* nuColor.h in Headers */,
				C75B636D147EA3510004C7D9 /* nuMath.h in Headers */,
				C7EE1B8D14D563FD00A9CF2B /* nuAtomic.h in Headers */,
				C7EE1B8F14D563FD00A9CF2B /* nuFile.h in Headers */,
				C7EE1B9114D563FD00A9CF2B /* nuMachAtomic.h in Headers */,
				C7EE1B9214D563FD00A9CF2B /* nuMachFile.h in Headers */,
				C7EE1B9414D563FD00A9CF2B /* nuMachMutex.h in Headers */,
				C7EE1B9614D563FD00A9CF2B /* nuMachThread.h in Headers */,
				C7EE1B9914D563FD00A9CF2B /* nuMutex.h in Headers */,
				C7EE1B9A14D563FD00A9CF2B /* nuOS.h in Headers */,
				C7EE1B9C14D563FD00A9CF2B /* nuOSType.h in Headers */,
				C7EE1B9E14D563FD00A9CF2B /* nuResource.h in Headers */,
				C7EE1BA014D563FD00A9CF2B /* nuThread.h in Headers */,
				C7EE1BA514D5973500A9CF2B /* nuHandle.h in Headers */,
				C7D3748E14DD6E9800CADBA8 /* nuResourceManager.h in Headers */,
				C7D3749214DD732700CADBA8 /* nuStream.h in Headers */,
			);
			runOnlyForDeploymentPostprocessing = 0;
		};
/* End PBXHeadersBuildPhase section */

/* Begin PBXNativeTarget section */
		C72BFEEB141CAFB9004F0E00 /* Core */ = {
			isa = PBXNativeTarget;
			buildConfigurationList = C72BFEF0141CAFB9004F0E00 /* Build configuration list for PBXNativeTarget "Core" */;
			buildPhases = (
				C72BFEE8141CAFB9004F0E00 /* Sources */,
				C72BFEE9141CAFB9004F0E00 /* Frameworks */,
				C72BFEEA141CAFB9004F0E00 /* Headers */,
			);
			buildRules = (
			);
			dependencies = (
			);
			name = Core;
			productName = NudeCore;
			productReference = C72BFEEC141CAFB9004F0E00 /* libNudeCore.a */;
			productType = "com.apple.product-type.library.static";
		};
/* End PBXNativeTarget section */

/* Begin PBXProject section */
		C72BFEE3141CAFB9004F0E00 /* Project object */ = {
			isa = PBXProject;
			attributes = {
				LastUpgradeCheck = 0420;
			};
			buildConfigurationList = C72BFEE6141CAFB9004F0E00 /* Build configuration list for PBXProject "Core" */;
			compatibilityVersion = "Xcode 3.2";
			developmentRegion = English;
			hasScannedForEncodings = 0;
			knownRegions = (
				en,
			);
			mainGroup = C72BFEE1141CAFB9004F0E00;
			productRefGroup = C72BFEED141CAFB9004F0E00 /* Products */;
			projectDirPath = "";
			projectRoot = "";
			targets = (
				C72BFEEB141CAFB9004F0E00 /* Core */,
			);
		};
/* End PBXProject section */

/* Begin PBXSourcesBuildPhase section */
		C72BFEE8141CAFB9004F0E00 /* Sources */ = {
			isa = PBXSourcesBuildPhase;
			buildActionMask = 2147483647;
			files = (
				C72BFEFC141CB0BB004F0E00 /* nuType.cpp in Sources */,
				C72BFF06141CB5D2004F0E00 /* nuDebug.cpp in Sources */,
				C7AB2A23141CCE74001F8EE5 /* nuMemory.cpp in Sources */,
				C79FC5B3141D02C7005C6C70 /* nuObject.cpp in Sources */,
				C79FC5F1141E3B67005C6C70 /* nuCRC.cpp in Sources */,
				C79FC5F6141E6F0D005C6C70 /* nuTypeInfo.cpp in Sources */,
				C726EF1E146D5C220038550E /* nuSingleton.cpp in Sources */,
				C75B6363147E8ED40004C7D9 /* nuGeometry.cpp in Sources */,
				C75B6368147E992C0004C7D9 /* nuColor.cpp in Sources */,
				C75B636C147EA3510004C7D9 /* nuMath.cpp in Sources */,
				C7EE1B8C14D563FD00A9CF2B /* nuAtomic.cpp in Sources */,
				C7EE1B8E14D563FD00A9CF2B /* nuFile.cpp in Sources */,
				C7EE1B9014D563FD00A9CF2B /* nuMachAtomic.cpp in Sources */,
				C7EE1B9314D563FD00A9CF2B /* nuMachFile.mm in Sources */,
				C7EE1B9514D563FD00A9CF2B /* nuMachMutex.mm in Sources */,
				C7EE1B9714D563FD00A9CF2B /* nuMachThread.mm in Sources */,
				C7EE1B9814D563FD00A9CF2B /* nuMutex.cpp in Sources */,
				C7EE1B9B14D563FD00A9CF2B /* nuOSType.cpp in Sources */,
				C7EE1B9D14D563FD00A9CF2B /* nuResource.cpp in Sources */,
				C7EE1B9F14D563FD00A9CF2B /* nuThread.cpp in Sources */,
				C7EE1BA414D5973500A9CF2B /* nuHandle.cpp in Sources */,
				C7D3748D14DD6E9800CADBA8 /* nuResourceManager.cpp in Sources */,
				C7D3749114DD732700CADBA8 /* nuStream.cpp in Sources */,
			);
			runOnlyForDeploymentPostprocessing = 0;
		};
/* End PBXSourcesBuildPhase section */

/* Begin XCBuildConfiguration section */
		C72BFEEE141CAFB9004F0E00 /* Debug */ = {
			isa = XCBuildConfiguration;
			baseConfigurationReference = C7AB2A11141CC3DF001F8EE5 /* Debug.xcconfig */;
			buildSettings = {
				GCC_PRECOMPILE_PREFIX_HEADER = YES;
				GCC_PREFIX_HEADER = "NudeCore-Prefix.pch";
			};
			name = Debug;
		};
		C72BFEEF141CAFB9004F0E00 /* Profile */ = {
			isa = XCBuildConfiguration;
			baseConfigurationReference = C7AB2A12141CC3DF001F8EE5 /* Profile.xcconfig */;
			buildSettings = {
				GCC_PRECOMPILE_PREFIX_HEADER = YES;
				GCC_PREFIX_HEADER = "NudeCore-Prefix.pch";
			};
			name = Profile;
		};
		C72BFEF1141CAFB9004F0E00 /* Debug */ = {
			isa = XCBuildConfiguration;
			buildSettings = {
				EXECUTABLE_PREFIX = lib;
				PRODUCT_NAME = "Nude$(TARGET_NAME)";
			};
			name = Debug;
		};
		C72BFEF2141CAFB9004F0E00 /* Profile */ = {
			isa = XCBuildConfiguration;
			buildSettings = {
				EXECUTABLE_PREFIX = lib;
				PRODUCT_NAME = "Nude$(TARGET_NAME)";
			};
			name = Profile;
		};
		C7AB2A0D141CC30E001F8EE5 /* Release */ = {
			isa = XCBuildConfiguration;
			baseConfigurationReference = C7AB2A10141CC3DF001F8EE5 /* Release.xcconfig */;
			buildSettings = {
				GCC_PRECOMPILE_PREFIX_HEADER = YES;
				GCC_PREFIX_HEADER = "NudeCore-Prefix.pch";
			};
			name = Release;
		};
		C7AB2A0E141CC30E001F8EE5 /* Release */ = {
			isa = XCBuildConfiguration;
			buildSettings = {
				EXECUTABLE_PREFIX = lib;
				PRODUCT_NAME = "Nude$(TARGET_NAME)";
			};
			name = Release;
		};
/* End XCBuildConfiguration section */

/* Begin XCConfigurationList section */
		C72BFEE6141CAFB9004F0E00 /* Build configuration list for PBXProject "Core" */ = {
			isa = XCConfigurationList;
			buildConfigurations = (
				C72BFEEE141CAFB9004F0E00 /* Debug */,
				C72BFEEF141CAFB9004F0E00 /* Profile */,
				C7AB2A0D141CC30E001F8EE5 /* Release */,
			);
			defaultConfigurationIsVisible = 0;
			defaultConfigurationName = Profile;
		};
		C72BFEF0141CAFB9004F0E00 /* Build configuration list for PBXNativeTarget "Core" */ = {
			isa = XCConfigurationList;
			buildConfigurations = (
				C72BFEF1141CAFB9004F0E00 /* Debug */,
				C72BFEF2141CAFB9004F0E00 /* Profile */,
				C7AB2A0E141CC30E001F8EE5 /* Release */,
			);
			defaultConfigurationIsVisible = 0;
			defaultConfigurationName = Profile;
		};
/* End XCConfigurationList section */
	};
	rootObject = C72BFEE3141CAFB9004F0E00 /* Project object */;
}
