// !$*UTF8*$!
{
	archiveVersion = 1;
	classes = {
	};
	objectVersion = 46;
	objects = {

/* Begin PBXBuildFile section */
		C72BFEC5141CACC9004F0E00 /* Cocoa.framework in Frameworks */ = {isa = PBXBuildFile; fileRef = C72BFEC4141CACC9004F0E00 /* Cocoa.framework */; };
		C7646DEE1462D43F0009A8B3 /* libApplications.a in Frameworks */ = {isa = PBXBuildFile; fileRef = C7646DE41462CA0A0009A8B3 /* libApplications.a */; };
		C785D081145D42F500E64F10 /* libGraphics.a in Frameworks */ = {isa = PBXBuildFile; fileRef = C785D080145D42D000E64F10 /* libGraphics.a */; };
		C796666E1444910000E540CD /* nuDE.icns in Resources */ = {isa = PBXBuildFile; fileRef = C796666D1444910000E540CD /* nuDE.icns */; };
		C79DFF07150BAA7300A1FA32 /* nuDEMain.cpp in Sources */ = {isa = PBXBuildFile; fileRef = C79DFF05150BAA7300A1FA32 /* nuDEMain.cpp */; };
		C7AB29F5141CC006001F8EE5 /* nuDEAppDelegate.mm in Sources */ = {isa = PBXBuildFile; fileRef = C7AB29F2141CC006001F8EE5 /* nuDEAppDelegate.mm */; };
		C7AB29FA141CC012001F8EE5 /* InfoPlist.strings in Resources */ = {isa = PBXBuildFile; fileRef = C7AB29F6141CC012001F8EE5 /* InfoPlist.strings */; };
		C7AB29FB141CC012001F8EE5 /* MainMenu.xib in Resources */ = {isa = PBXBuildFile; fileRef = C7AB29F8141CC012001F8EE5 /* MainMenu.xib */; };
		C7AB29FE141CC065001F8EE5 /* libNudeCore.a in Frameworks */ = {isa = PBXBuildFile; fileRef = C7AB29E0141CBD60001F8EE5 /* libNudeCore.a */; };
		C7BB68A91424C52800B4899C /* OpenGL.framework in Frameworks */ = {isa = PBXBuildFile; fileRef = C7BB68A81424C52800B4899C /* OpenGL.framework */; };
		C7BB68B81424D2AB00B4899C /* QuartzCore.framework in Frameworks */ = {isa = PBXBuildFile; fileRef = C7BB68B71424D2AB00B4899C /* QuartzCore.framework */; };
		C7DDD834155024BE002B4D5A /* nuDEEntityTest.cpp in Sources */ = {isa = PBXBuildFile; fileRef = C7DDD832155024BE002B4D5A /* nuDEEntityTest.cpp */; };
/* End PBXBuildFile section */

/* Begin PBXContainerItemProxy section */
		C7646DE31462CA0A0009A8B3 /* PBXContainerItemProxy */ = {
			isa = PBXContainerItemProxy;
			containerPortal = C7A2C4AB1462BD2000ACDC27 /* Applications.xcodeproj */;
			proxyType = 2;
			remoteGlobalIDString = C7A2C4B21462C04B00ACDC27;
			remoteInfo = Applications;
		};
		C7646DEC1462D42E0009A8B3 /* PBXContainerItemProxy */ = {
			isa = PBXContainerItemProxy;
			containerPortal = C7A2C4AB1462BD2000ACDC27 /* Applications.xcodeproj */;
			proxyType = 1;
			remoteGlobalIDString = C7A2C4B11462C04B00ACDC27;
			remoteInfo = Applications;
		};
		C785D07C145D42D000E64F10 /* PBXContainerItemProxy */ = {
			isa = PBXContainerItemProxy;
			containerPortal = C785D064145D415600E64F10 /* Graphics.xcodeproj */;
			proxyType = 1;
			remoteGlobalIDString = C785D073145D421D00E64F10;
			remoteInfo = Graphics;
		};
		C785D07F145D42D000E64F10 /* PBXContainerItemProxy */ = {
			isa = PBXContainerItemProxy;
			containerPortal = C785D064145D415600E64F10 /* Graphics.xcodeproj */;
			proxyType = 2;
			remoteGlobalIDString = C785D074145D421D00E64F10;
			remoteInfo = Graphics;
		};
		C7AB29DF141CBD60001F8EE5 /* PBXContainerItemProxy */ = {
			isa = PBXContainerItemProxy;
			containerPortal = C72BFEF3141CAFB9004F0E00 /* Core.xcodeproj */;
			proxyType = 2;
			remoteGlobalIDString = C72BFEEC141CAFB9004F0E00;
			remoteInfo = Core;
		};
		C7AB29FC141CC05F001F8EE5 /* PBXContainerItemProxy */ = {
			isa = PBXContainerItemProxy;
			containerPortal = C72BFEF3141CAFB9004F0E00 /* Core.xcodeproj */;
			proxyType = 1;
			remoteGlobalIDString = C72BFEEB141CAFB9004F0E00;
			remoteInfo = Core;
		};
/* End PBXContainerItemProxy section */

/* Begin PBXFileReference section */
		C72BFEC0141CACC9004F0E00 /* nuDE.app */ = {isa = PBXFileReference; explicitFileType = wrapper.application; includeInIndex = 0; path = nuDE.app; sourceTree = BUILT_PRODUCTS_DIR; };
		C72BFEC4141CACC9004F0E00 /* Cocoa.framework */ = {isa = PBXFileReference; lastKnownFileType = wrapper.framework; name = Cocoa.framework; path = System/Library/Frameworks/Cocoa.framework; sourceTree = SDKROOT; };
		C72BFEC7141CACC9004F0E00 /* AppKit.framework */ = {isa = PBXFileReference; lastKnownFileType = wrapper.framework; name = AppKit.framework; path = System/Library/Frameworks/AppKit.framework; sourceTree = SDKROOT; };
		C72BFEC8141CACC9004F0E00 /* CoreData.framework */ = {isa = PBXFileReference; lastKnownFileType = wrapper.framework; name = CoreData.framework; path = System/Library/Frameworks/CoreData.framework; sourceTree = SDKROOT; };
		C72BFEC9141CACC9004F0E00 /* Foundation.framework */ = {isa = PBXFileReference; lastKnownFileType = wrapper.framework; name = Foundation.framework; path = System/Library/Frameworks/Foundation.framework; sourceTree = SDKROOT; };
		C72BFEF3141CAFB9004F0E00 /* Core.xcodeproj */ = {isa = PBXFileReference; lastKnownFileType = "wrapper.pb-project"; name = Core.xcodeproj; path = ../Core/Core.xcodeproj; sourceTree = "<group>"; };
		C785D064145D415600E64F10 /* Graphics.xcodeproj */ = {isa = PBXFileReference; lastKnownFileType = "wrapper.pb-project"; name = Graphics.xcodeproj; path = ../Graphics/Graphics.xcodeproj; sourceTree = "<group>"; };
		C794E5D7150CE6080085F923 /* Resources */ = {isa = PBXFileReference; lastKnownFileType = folder; name = Resources; path = ../Resources; sourceTree = SOURCE_ROOT; };
		C796666D1444910000E540CD /* nuDE.icns */ = {isa = PBXFileReference; lastKnownFileType = image.icns; path = nuDE.icns; sourceTree = SOURCE_ROOT; };
		C79DFF05150BAA7300A1FA32 /* nuDEMain.cpp */ = {isa = PBXFileReference; fileEncoding = 4; lastKnownFileType = sourcecode.cpp.cpp; path = nuDEMain.cpp; sourceTree = SOURCE_ROOT; };
		C79DFF06150BAA7300A1FA32 /* nuDEMain.h */ = {isa = PBXFileReference; fileEncoding = 4; lastKnownFileType = sourcecode.c.h; path = nuDEMain.h; sourceTree = SOURCE_ROOT; };
		C79FC5B5141D0631005C6C70 /* nude.h */ = {isa = PBXFileReference; fileEncoding = 4; lastKnownFileType = sourcecode.c.h; name = nude.h; path = ../nude.h; sourceTree = "<group>"; };
		C7A2C4AB1462BD2000ACDC27 /* Applications.xcodeproj */ = {isa = PBXFileReference; lastKnownFileType = "wrapper.pb-project"; name = Applications.xcodeproj; path = ../Applications/Applications.xcodeproj; sourceTree = "<group>"; };
		C7AB29EF141CC006001F8EE5 /* nuDE-Info.plist */ = {isa = PBXFileReference; fileEncoding = 4; lastKnownFileType = text.plist.xml; path = "nuDE-Info.plist"; sourceTree = SOURCE_ROOT; };
		C7AB29F0141CC006001F8EE5 /* nuDE-Prefix.pch */ = {isa = PBXFileReference; fileEncoding = 4; lastKnownFileType = sourcecode.c.h; path = "nuDE-Prefix.pch"; sourceTree = SOURCE_ROOT; };
		C7AB29F1141CC006001F8EE5 /* nuDEAppDelegate.h */ = {isa = PBXFileReference; fileEncoding = 4; lastKnownFileType = sourcecode.c.h; path = nuDEAppDelegate.h; sourceTree = SOURCE_ROOT; };
		C7AB29F2141CC006001F8EE5 /* nuDEAppDelegate.mm */ = {isa = PBXFileReference; fileEncoding = 4; lastKnownFileType = sourcecode.cpp.objcpp; path = nuDEAppDelegate.mm; sourceTree = SOURCE_ROOT; };
		C7AB29F7141CC012001F8EE5 /* en */ = {isa = PBXFileReference; lastKnownFileType = text.plist.strings; name = en; path = en.lproj/InfoPlist.strings; sourceTree = SOURCE_ROOT; };
		C7AB29F9141CC012001F8EE5 /* en */ = {isa = PBXFileReference; lastKnownFileType = file.xib; name = en; path = en.lproj/MainMenu.xib; sourceTree = SOURCE_ROOT; };
		C7AB2A15141CC772001F8EE5 /* Profile.xcconfig */ = {isa = PBXFileReference; lastKnownFileType = text.xcconfig; name = Profile.xcconfig; path = ../Configurations/Profile.xcconfig; sourceTree = "<group>"; };
		C7AB2A16141CC772001F8EE5 /* Debug.xcconfig */ = {isa = PBXFileReference; lastKnownFileType = text.xcconfig; name = Debug.xcconfig; path = ../Configurations/Debug.xcconfig; sourceTree = "<group>"; };
		C7AB2A17141CC772001F8EE5 /* Release.xcconfig */ = {isa = PBXFileReference; lastKnownFileType = text.xcconfig; name = Release.xcconfig; path = ../Configurations/Release.xcconfig; sourceTree = "<group>"; };
		C7BB68A81424C52800B4899C /* OpenGL.framework */ = {isa = PBXFileReference; lastKnownFileType = wrapper.framework; name = OpenGL.framework; path = System/Library/Frameworks/OpenGL.framework; sourceTree = SDKROOT; };
		C7BB68B71424D2AB00B4899C /* QuartzCore.framework */ = {isa = PBXFileReference; lastKnownFileType = wrapper.framework; name = QuartzCore.framework; path = System/Library/Frameworks/QuartzCore.framework; sourceTree = SDKROOT; };
		C7DDD832155024BE002B4D5A /* nuDEEntityTest.cpp */ = {isa = PBXFileReference; fileEncoding = 4; lastKnownFileType = sourcecode.cpp.cpp; path = nuDEEntityTest.cpp; sourceTree = SOURCE_ROOT; };
		C7DDD833155024BE002B4D5A /* nuDEEntityTest.h */ = {isa = PBXFileReference; fileEncoding = 4; lastKnownFileType = sourcecode.c.h; path = nuDEEntityTest.h; sourceTree = SOURCE_ROOT; };
/* End PBXFileReference section */

/* Begin PBXFrameworksBuildPhase section */
		C72BFEBD141CACC9004F0E00 /* Frameworks */ = {
			isa = PBXFrameworksBuildPhase;
			buildActionMask = 2147483647;
			files = (
				C72BFEC5141CACC9004F0E00 /* Cocoa.framework in Frameworks */,
				C7BB68A91424C52800B4899C /* OpenGL.framework in Frameworks */,
				C7BB68B81424D2AB00B4899C /* QuartzCore.framework in Frameworks */,
				C7AB29FE141CC065001F8EE5 /* libNudeCore.a in Frameworks */,
				C785D081145D42F500E64F10 /* libGraphics.a in Frameworks */,
				C7646DEE1462D43F0009A8B3 /* libApplications.a in Frameworks */,
			);
			runOnlyForDeploymentPostprocessing = 0;
		};
/* End PBXFrameworksBuildPhase section */

/* Begin PBXGroup section */
		C72BFEB5141CACC8004F0E00 = {
			isa = PBXGroup;
			children = (
				C72BFEF3141CAFB9004F0E00 /* Core.xcodeproj */,
				C785D064145D415600E64F10 /* Graphics.xcodeproj */,
				C7A2C4AB1462BD2000ACDC27 /* Applications.xcodeproj */,
				C7AB2A14141CC759001F8EE5 /* Configurations */,
				C79FC5B5141D0631005C6C70 /* nude.h */,
				C7AB29F0141CC006001F8EE5 /* nuDE-Prefix.pch */,
				C7AB29EF141CC006001F8EE5 /* nuDE-Info.plist */,
				C7AB29FF141CC09B001F8EE5 /* Source Codes */,
				C72BFECB141CACC9004F0E00 /* Resources */,
				C72BFEC3141CACC9004F0E00 /* Frameworks */,
				C72BFEC1141CACC9004F0E00 /* Products */,
			);
			sourceTree = "<group>";
		};
		C72BFEC1141CACC9004F0E00 /* Products */ = {
			isa = PBXGroup;
			children = (
				C72BFEC0141CACC9004F0E00 /* nuDE.app */,
			);
			name = Products;
			sourceTree = "<group>";
		};
		C72BFEC3141CACC9004F0E00 /* Frameworks */ = {
			isa = PBXGroup;
			children = (
				C7BB68B71424D2AB00B4899C /* QuartzCore.framework */,
				C7BB68A81424C52800B4899C /* OpenGL.framework */,
				C72BFEC4141CACC9004F0E00 /* Cocoa.framework */,
				C72BFEC6141CACC9004F0E00 /* Other Frameworks */,
			);
			name = Frameworks;
			sourceTree = "<group>";
		};
		C72BFEC6141CACC9004F0E00 /* Other Frameworks */ = {
			isa = PBXGroup;
			children = (
				C72BFEC7141CACC9004F0E00 /* AppKit.framework */,
				C72BFEC8141CACC9004F0E00 /* CoreData.framework */,
				C72BFEC9141CACC9004F0E00 /* Foundation.framework */,
			);
			name = "Other Frameworks";
			sourceTree = "<group>";
		};
		C72BFECB141CACC9004F0E00 /* Resources */ = {
			isa = PBXGroup;
			children = (
				C794E5D7150CE6080085F923 /* Resources */,
				C796666D1444910000E540CD /* nuDE.icns */,
				C7AB29F6141CC012001F8EE5 /* InfoPlist.strings */,
				C7AB29F8141CC012001F8EE5 /* MainMenu.xib */,
			);
			name = Resources;
			path = nuDE;
			sourceTree = "<group>";
		};
		C785D065145D415600E64F10 /* Products */ = {
			isa = PBXGroup;
			children = (
				C785D080145D42D000E64F10 /* libGraphics.a */,
			);
			name = Products;
			sourceTree = "<group>";
		};
		C7A2C4AC1462BD2000ACDC27 /* Products */ = {
			isa = PBXGroup;
			children = (
				C7646DE41462CA0A0009A8B3 /* libApplications.a */,
			);
			name = Products;
			sourceTree = "<group>";
		};
		C7AB29DC141CBD60001F8EE5 /* Products */ = {
			isa = PBXGroup;
			children = (
				C7AB29E0141CBD60001F8EE5 /* libNudeCore.a */,
			);
			name = Products;
			sourceTree = "<group>";
		};
		C7AB29FF141CC09B001F8EE5 /* Source Codes */ = {
			isa = PBXGroup;
			children = (
				C7AB29F1141CC006001F8EE5 /* nuDEAppDelegate.h */,
				C7AB29F2141CC006001F8EE5 /* nuDEAppDelegate.mm */,
				C7DDD832155024BE002B4D5A /* nuDEEntityTest.cpp */,
				C7DDD833155024BE002B4D5A /* nuDEEntityTest.h */,
				C79DFF05150BAA7300A1FA32 /* nuDEMain.cpp */,
				C79DFF06150BAA7300A1FA32 /* nuDEMain.h */,
			);
			name = "Source Codes";
			path = nuDE;
			sourceTree = "<group>";
		};
		C7AB2A14141CC759001F8EE5 /* Configurations */ = {
			isa = PBXGroup;
			children = (
				C7AB2A17141CC772001F8EE5 /* Release.xcconfig */,
				C7AB2A16141CC772001F8EE5 /* Debug.xcconfig */,
				C7AB2A15141CC772001F8EE5 /* Profile.xcconfig */,
			);
			name = Configurations;
			sourceTree = "<group>";
		};
/* End PBXGroup section */

/* Begin PBXNativeTarget section */
		C72BFEBF141CACC9004F0E00 /* nuDE */ = {
			isa = PBXNativeTarget;
			buildConfigurationList = C72BFEDE141CACC9004F0E00 /* Build configuration list for PBXNativeTarget "nuDE" */;
			buildPhases = (
				C72BFEBC141CACC9004F0E00 /* Sources */,
				C72BFEBD141CACC9004F0E00 /* Frameworks */,
				C72BFEBE141CACC9004F0E00 /* Resources */,
				C7DEFBD3144AE42B0032BEDD /* Create resources */,
			);
			buildRules = (
			);
			dependencies = (
				C7AB29FD141CC05F001F8EE5 /* PBXTargetDependency */,
				C785D07D145D42D000E64F10 /* PBXTargetDependency */,
				C7646DED1462D42E0009A8B3 /* PBXTargetDependency */,
			);
			name = nuDE;
			productName = nuDE;
			productReference = C72BFEC0141CACC9004F0E00 /* nuDE.app */;
			productType = "com.apple.product-type.application";
		};
/* End PBXNativeTarget section */

/* Begin PBXProject section */
		C72BFEB7141CACC8004F0E00 /* Project object */ = {
			isa = PBXProject;
			attributes = {
				CLASSPREFIX = nu;
				LastUpgradeCheck = 0420;
			};
			buildConfigurationList = C72BFEBA141CACC8004F0E00 /* Build configuration list for PBXProject "nuDE" */;
			compatibilityVersion = "Xcode 3.2";
			developmentRegion = English;
			hasScannedForEncodings = 0;
			knownRegions = (
				en,
			);
			mainGroup = C72BFEB5141CACC8004F0E00;
			productRefGroup = C72BFEC1141CACC9004F0E00 /* Products */;
			projectDirPath = "";
			projectReferences = (
				{
					ProductGroup = C7A2C4AC1462BD2000ACDC27 /* Products */;
					ProjectRef = C7A2C4AB1462BD2000ACDC27 /* Applications.xcodeproj */;
				},
				{
					ProductGroup = C7AB29DC141CBD60001F8EE5 /* Products */;
					ProjectRef = C72BFEF3141CAFB9004F0E00 /* Core.xcodeproj */;
				},
				{
					ProductGroup = C785D065145D415600E64F10 /* Products */;
					ProjectRef = C785D064145D415600E64F10 /* Graphics.xcodeproj */;
				},
			);
			projectRoot = "";
			targets = (
				C72BFEBF141CACC9004F0E00 /* nuDE */,
			);
		};
/* End PBXProject section */

/* Begin PBXReferenceProxy section */
		C7646DE41462CA0A0009A8B3 /* libApplications.a */ = {
			isa = PBXReferenceProxy;
			fileType = archive.ar;
			path = libApplications.a;
			remoteRef = C7646DE31462CA0A0009A8B3 /* PBXContainerItemProxy */;
			sourceTree = BUILT_PRODUCTS_DIR;
		};
		C785D080145D42D000E64F10 /* libGraphics.a */ = {
			isa = PBXReferenceProxy;
			fileType = archive.ar;
			path = libGraphics.a;
			remoteRef = C785D07F145D42D000E64F10 /* PBXContainerItemProxy */;
			sourceTree = BUILT_PRODUCTS_DIR;
		};
		C7AB29E0141CBD60001F8EE5 /* libNudeCore.a */ = {
			isa = PBXReferenceProxy;
			fileType = archive.ar;
			path = libNudeCore.a;
			remoteRef = C7AB29DF141CBD60001F8EE5 /* PBXContainerItemProxy */;
			sourceTree = BUILT_PRODUCTS_DIR;
		};
/* End PBXReferenceProxy section */

/* Begin PBXResourcesBuildPhase section */
		C72BFEBE141CACC9004F0E00 /* Resources */ = {
			isa = PBXResourcesBuildPhase;
			buildActionMask = 2147483647;
			files = (
				C7AB29FA141CC012001F8EE5 /* InfoPlist.strings in Resources */,
				C7AB29FB141CC012001F8EE5 /* MainMenu.xib in Resources */,
				C796666E1444910000E540CD /* nuDE.icns in Resources */,
			);
			runOnlyForDeploymentPostprocessing = 0;
		};
/* End PBXResourcesBuildPhase section */

/* Begin PBXShellScriptBuildPhase section */
		C7DEFBD3144AE42B0032BEDD /* Create resources */ = {
			isa = PBXShellScriptBuildPhase;
			buildActionMask = 2147483647;
			files = (
			);
			inputPaths = (
				"$(SRCROOT)/../Resources/",
			);
			name = "Create resources";
			outputPaths = (
			);
			runOnlyForDeploymentPostprocessing = 0;
			shellPath = /bin/sh;
			shellScript = "RES_DIR=$BUILT_PRODUCTS_DIR/$UNLOCALIZED_RESOURCES_FOLDER_PATH\nNUDE_RES_DIR=$RES_DIR/Resources\n\nif [ $COPY_RESOURCES == NO ]; then\n    # Create resource link.\n    if [ -d $NUDE_RES_DIR ]\n    then\n        echo $NUDE_RES_DIR exists!\n    else\n        echo Creating link to resource directory.\n        ln -s $PROJECT_DIR/../Resources $NUDE_RES_DIR\n    fi\nelse\n    # Copy resources.\n    if [ -d $NUDE_RES_DIR ]\n    then\n        rm -rf $NUDE_RES_DIR\n    fi\n\n    echo Copying resources.\n    cp -R $PROJECT_DIR/../Resources $NUDE_RES_DIR\nfi\n";
		};
/* End PBXShellScriptBuildPhase section */

/* Begin PBXSourcesBuildPhase section */
		C72BFEBC141CACC9004F0E00 /* Sources */ = {
			isa = PBXSourcesBuildPhase;
			buildActionMask = 2147483647;
			files = (
				C7AB29F5141CC006001F8EE5 /* nuDEAppDelegate.mm in Sources */,
				C79DFF07150BAA7300A1FA32 /* nuDEMain.cpp in Sources */,
				C7DDD834155024BE002B4D5A /* nuDEEntityTest.cpp in Sources */,
			);
			runOnlyForDeploymentPostprocessing = 0;
		};
/* End PBXSourcesBuildPhase section */

/* Begin PBXTargetDependency section */
		C7646DED1462D42E0009A8B3 /* PBXTargetDependency */ = {
			isa = PBXTargetDependency;
			name = Applications;
			targetProxy = C7646DEC1462D42E0009A8B3 /* PBXContainerItemProxy */;
		};
		C785D07D145D42D000E64F10 /* PBXTargetDependency */ = {
			isa = PBXTargetDependency;
			name = Graphics;
			targetProxy = C785D07C145D42D000E64F10 /* PBXContainerItemProxy */;
		};
		C7AB29FD141CC05F001F8EE5 /* PBXTargetDependency */ = {
			isa = PBXTargetDependency;
			name = Core;
			targetProxy = C7AB29FC141CC05F001F8EE5 /* PBXContainerItemProxy */;
		};
/* End PBXTargetDependency section */

/* Begin PBXVariantGroup section */
		C7AB29F6141CC012001F8EE5 /* InfoPlist.strings */ = {
			isa = PBXVariantGroup;
			children = (
				C7AB29F7141CC012001F8EE5 /* en */,
			);
			name = InfoPlist.strings;
			sourceTree = "<group>";
		};
		C7AB29F8141CC012001F8EE5 /* MainMenu.xib */ = {
			isa = PBXVariantGroup;
			children = (
				C7AB29F9141CC012001F8EE5 /* en */,
			);
			name = MainMenu.xib;
			sourceTree = "<group>";
		};
/* End PBXVariantGroup section */

/* Begin XCBuildConfiguration section */
		C72BFEDC141CACC9004F0E00 /* Debug */ = {
			isa = XCBuildConfiguration;
			baseConfigurationReference = C7AB2A16141CC772001F8EE5 /* Debug.xcconfig */;
			buildSettings = {
				COPY_RESOURCES = NO;
				GCC_PREFIX_HEADER = "nuDE-Prefix.pch";
				HEADER_SEARCH_PATHS = (
					../Core,
					../Graphics,
					../Applications,
				);
			};
			name = Debug;
		};
		C72BFEDD141CACC9004F0E00 /* Profile */ = {
			isa = XCBuildConfiguration;
			baseConfigurationReference = C7AB2A15141CC772001F8EE5 /* Profile.xcconfig */;
			buildSettings = {
				COPY_RESOURCES = NO;
				GCC_PREFIX_HEADER = "nuDE-Prefix.pch";
				HEADER_SEARCH_PATHS = (
					../Core,
					../Graphics,
					../Applications,
				);
			};
			name = Profile;
		};
		C72BFEDF141CACC9004F0E00 /* Debug */ = {
			isa = XCBuildConfiguration;
			buildSettings = {
				INFOPLIST_FILE = "nuDE-Info.plist";
				MACOSX_DEPLOYMENT_TARGET = 10.7;
				PRODUCT_NAME = "$(TARGET_NAME)";
				WRAPPER_EXTENSION = app;
			};
			name = Debug;
		};
		C72BFEE0141CACC9004F0E00 /* Profile */ = {
			isa = XCBuildConfiguration;
			buildSettings = {
				INFOPLIST_FILE = "nuDE-Info.plist";
				MACOSX_DEPLOYMENT_TARGET = 10.7;
				PRODUCT_NAME = "$(TARGET_NAME)";
				WRAPPER_EXTENSION = app;
			};
			name = Profile;
		};
		C7AB2A01141CC176001F8EE5 /* Release */ = {
			isa = XCBuildConfiguration;
			baseConfigurationReference = C7AB2A17141CC772001F8EE5 /* Release.xcconfig */;
			buildSettings = {
				COPY_RESOURCES = YES;
				GCC_PREFIX_HEADER = "nuDE-Prefix.pch";
				HEADER_SEARCH_PATHS = (
					../Core,
					../Graphics,
					../Applications,
				);
			};
			name = Release;
		};
		C7AB2A02141CC176001F8EE5 /* Release */ = {
			isa = XCBuildConfiguration;
			buildSettings = {
				INFOPLIST_FILE = "nuDE-Info.plist";
				MACOSX_DEPLOYMENT_TARGET = 10.7;
				PRODUCT_NAME = "$(TARGET_NAME)";
				WRAPPER_EXTENSION = app;
			};
			name = Release;
		};
/* End XCBuildConfiguration section */

/* Begin XCConfigurationList section */
		C72BFEBA141CACC8004F0E00 /* Build configuration list for PBXProject "nuDE" */ = {
			isa = XCConfigurationList;
			buildConfigurations = (
				C72BFEDC141CACC9004F0E00 /* Debug */,
				C72BFEDD141CACC9004F0E00 /* Profile */,
				C7AB2A01141CC176001F8EE5 /* Release */,
			);
			defaultConfigurationIsVisible = 0;
			defaultConfigurationName = Profile;
		};
		C72BFEDE141CACC9004F0E00 /* Build configuration list for PBXNativeTarget "nuDE" */ = {
			isa = XCConfigurationList;
			buildConfigurations = (
				C72BFEDF141CACC9004F0E00 /* Debug */,
				C72BFEE0141CACC9004F0E00 /* Profile */,
				C7AB2A02141CC176001F8EE5 /* Release */,
			);
			defaultConfigurationIsVisible = 0;
			defaultConfigurationName = Profile;
		};
/* End XCConfigurationList section */
	};
	rootObject = C72BFEB7141CACC8004F0E00 /* Project object */;
}
